
Microsoft Visual Studio Solution File, Format Version 11.00
# Visual Studio 2010
Project("{F184B08F-C81C-45F6-A57F-5ABD9991F28F}") = "KBS", "KBS.vbproj", "{6BA5C315-C345-40F7-A4BE-329C61E7E75C}"
EndProject
Project("{FAE04EC0-301F-11D3-BF4B-00C04F79EFBC}") = "TimeRegistration", "..\..\..\Work\CKG\TimeRegistration\TimeRegistration\TimeRegistration.csproj", "{D92A9F89-3848-4136-8FF6-39E8EA641BA3}"
EndProject
Project("{FAE04EC0-301F-11D3-BF4B-00C04F79EFBC}") = "GeneralTools", "..\..\..\Work\Tools\GeneralTools\GeneralTools.csproj", "{A4F36243-8D89-460F-ACB3-EF7DF37D6FCA}"
EndProject
Project("{F184B08F-C81C-45F6-A57F-5ABD9991F28F}") = "KBSBase", "..\..\..\Work\KBSBase\KBSBase.vbproj", "{61754467-E566-43DC-A8D4-1684994DF069}"
EndProject
Project("{FAE04EC0-301F-11D3-BF4B-00C04F79EFBC}") = "SapORM.Models", "..\..\..\Work\SapORM\models\SapORM.Models.csproj", "{A69CE30D-D988-4DEF-99D0-A0B0F18FC99C}"
EndProject
Global
	GlobalSection(SolutionConfigurationPlatforms) = preSolution
		Debug|Any CPU = Debug|Any CPU
		DebugQuick|Any CPU = DebugQuick|Any CPU
		Release|Any CPU = Release|Any CPU
	EndGlobalSection
	GlobalSection(ProjectConfigurationPlatforms) = postSolution
		{6BA5C315-C345-40F7-A4BE-329C61E7E75C}.Debug|Any CPU.ActiveCfg = Debug|Any CPU
		{6BA5C315-C345-40F7-A4BE-329C61E7E75C}.Debug|Any CPU.Build.0 = Debug|Any CPU
		{6BA5C315-C345-40F7-A4BE-329C61E7E75C}.DebugQuick|Any CPU.ActiveCfg = Debug|Any CPU
		{6BA5C315-C345-40F7-A4BE-329C61E7E75C}.DebugQuick|Any CPU.Build.0 = Debug|Any CPU
		{6BA5C315-C345-40F7-A4BE-329C61E7E75C}.Release|Any CPU.ActiveCfg = Release|Any CPU
		{6BA5C315-C345-40F7-A4BE-329C61E7E75C}.Release|Any CPU.Build.0 = Release|Any CPU
		{D92A9F89-3848-4136-8FF6-39E8EA641BA3}.Debug|Any CPU.ActiveCfg = Debug|Any CPU
		{D92A9F89-3848-4136-8FF6-39E8EA641BA3}.Debug|Any CPU.Build.0 = Debug|Any CPU
		{D92A9F89-3848-4136-8FF6-39E8EA641BA3}.DebugQuick|Any CPU.ActiveCfg = Debug|Any CPU
		{D92A9F89-3848-4136-8FF6-39E8EA641BA3}.DebugQuick|Any CPU.Build.0 = Debug|Any CPU
		{D92A9F89-3848-4136-8FF6-39E8EA641BA3}.Release|Any CPU.ActiveCfg = Release|Any CPU
		{D92A9F89-3848-4136-8FF6-39E8EA641BA3}.Release|Any CPU.Build.0 = Release|Any CPU
		{A4F36243-8D89-460F-ACB3-EF7DF37D6FCA}.Debug|Any CPU.ActiveCfg = Debug|Any CPU
		{A4F36243-8D89-460F-ACB3-EF7DF37D6FCA}.Debug|Any CPU.Build.0 = Debug|Any CPU
		{A4F36243-8D89-460F-ACB3-EF7DF37D6FCA}.DebugQuick|Any CPU.ActiveCfg = DebugQuick|Any CPU
		{A4F36243-8D89-460F-ACB3-EF7DF37D6FCA}.DebugQuick|Any CPU.Build.0 = DebugQuick|Any CPU
		{A4F36243-8D89-460F-ACB3-EF7DF37D6FCA}.Release|Any CPU.ActiveCfg = Release|Any CPU
		{A4F36243-8D89-460F-ACB3-EF7DF37D6FCA}.Release|Any CPU.Build.0 = Release|Any CPU
		{61754467-E566-43DC-A8D4-1684994DF069}.Debug|Any CPU.ActiveCfg = Debug|Any CPU
		{61754467-E566-43DC-A8D4-1684994DF069}.Debug|Any CPU.Build.0 = Debug|Any CPU
		{61754467-E566-43DC-A8D4-1684994DF069}.DebugQuick|Any CPU.ActiveCfg = Debug|Any CPU
		{61754467-E566-43DC-A8D4-1684994DF069}.DebugQuick|Any CPU.Build.0 = Debug|Any CPU
		{61754467-E566-43DC-A8D4-1684994DF069}.Release|Any CPU.ActiveCfg = Release|Any CPU
		{61754467-E566-43DC-A8D4-1684994DF069}.Release|Any CPU.Build.0 = Release|Any CPU
		{A69CE30D-D988-4DEF-99D0-A0B0F18FC99C}.Debug|Any CPU.ActiveCfg = Debug|Any CPU
		{A69CE30D-D988-4DEF-99D0-A0B0F18FC99C}.Debug|Any CPU.Build.0 = Debug|Any CPU
		{A69CE30D-D988-4DEF-99D0-A0B0F18FC99C}.DebugQuick|Any CPU.ActiveCfg = DebugQuick|Any CPU
		{A69CE30D-D988-4DEF-99D0-A0B0F18FC99C}.DebugQuick|Any CPU.Build.0 = DebugQuick|Any CPU
		{A69CE30D-D988-4DEF-99D0-A0B0F18FC99C}.Release|Any CPU.ActiveCfg = Release|Any CPU
		{A69CE30D-D988-4DEF-99D0-A0B0F18FC99C}.Release|Any CPU.Build.0 = Release|Any CPU
	EndGlobalSection
	GlobalSection(SolutionProperties) = preSolution
		HideSolutionNode = FALSE
	EndGlobalSection
EndGlobal
