
Microsoft Visual Studio Solution File, Format Version 11.00
# Visual Studio 2010
Project("{FAE04EC0-301F-11D3-BF4B-00C04F79EFBC}") = "AutoAct", "AutoAct.csproj", "{13DFDB92-0B59-4AD5-903F-70A66CC2ACD6}"
EndProject
Project("{FAE04EC0-301F-11D3-BF4B-00C04F79EFBC}") = "AutoActTests", "..\AutoActTests\AutoActTests.csproj", "{EAA73135-465A-475D-92C0-0133651CF629}"
EndProject
Project("{2150E333-8FDC-42A3-9474-1A3956D46DE8}") = "Solution Items", "Solution Items", "{C14830D7-D370-4336-BEBB-255C67B98918}"
	ProjectSection(SolutionItems) = preProject
		AutoAct.vsmdi = AutoAct.vsmdi
		CommonAssemblyInfo.cs = CommonAssemblyInfo.cs
		Local.testsettings = Local.testsettings
		TraceAndTestImpact.testsettings = TraceAndTestImpact.testsettings
	EndProjectSection
EndProject
Project("{2150E333-8FDC-42A3-9474-1A3956D46DE8}") = ".build", ".build", "{79A37F02-074E-484B-9901-9E5C98E6EEA6}"
	ProjectSection(SolutionItems) = preProject
		Build.proj = Build.proj
		.build\MSBuild.Community.Tasks.dll = .build\MSBuild.Community.Tasks.dll
		.build\MSBuild.Community.Tasks.targets = .build\MSBuild.Community.Tasks.targets
	EndProjectSection
EndProject
Global
	GlobalSection(TeamFoundationVersionControl) = preSolution
		SccNumberOfProjects = 3
		SccEnterpriseProvider = {4CA58AB2-18FA-4F8D-95D4-32DDF27D184C}
		SccTeamFoundationServer = http://vms047:8080/tfs/defaultcollection
		SccLocalPath0 = .
		SccProjectUniqueName1 = AutoAct.csproj
		SccLocalPath1 = .
		SccProjectUniqueName2 = ..\\AutoActTests\\AutoActTests.csproj
		SccProjectName2 = ../AutoActTests
		SccLocalPath2 = ..\\AutoActTests
	EndGlobalSection
	GlobalSection(TestCaseManagementSettings) = postSolution
		CategoryFile = AutoAct.vsmdi
	EndGlobalSection
	GlobalSection(SolutionConfigurationPlatforms) = preSolution
		Debug|Any CPU = Debug|Any CPU
		Debug|Mixed Platforms = Debug|Mixed Platforms
		Debug|x86 = Debug|x86
		Release|Any CPU = Release|Any CPU
		Release|Mixed Platforms = Release|Mixed Platforms
		Release|x86 = Release|x86
	EndGlobalSection
	GlobalSection(ProjectConfigurationPlatforms) = postSolution
		{13DFDB92-0B59-4AD5-903F-70A66CC2ACD6}.Debug|Any CPU.ActiveCfg = Debug|x86
		{13DFDB92-0B59-4AD5-903F-70A66CC2ACD6}.Debug|Any CPU.Build.0 = Debug|x86
		{13DFDB92-0B59-4AD5-903F-70A66CC2ACD6}.Debug|Mixed Platforms.ActiveCfg = Debug|x86
		{13DFDB92-0B59-4AD5-903F-70A66CC2ACD6}.Debug|Mixed Platforms.Build.0 = Debug|x86
		{13DFDB92-0B59-4AD5-903F-70A66CC2ACD6}.Debug|x86.ActiveCfg = Debug|x86
		{13DFDB92-0B59-4AD5-903F-70A66CC2ACD6}.Debug|x86.Build.0 = Debug|x86
		{13DFDB92-0B59-4AD5-903F-70A66CC2ACD6}.Release|Any CPU.ActiveCfg = Release|x86
		{13DFDB92-0B59-4AD5-903F-70A66CC2ACD6}.Release|Any CPU.Build.0 = Release|x86
		{13DFDB92-0B59-4AD5-903F-70A66CC2ACD6}.Release|Mixed Platforms.ActiveCfg = Release|x86
		{13DFDB92-0B59-4AD5-903F-70A66CC2ACD6}.Release|Mixed Platforms.Build.0 = Release|x86
		{13DFDB92-0B59-4AD5-903F-70A66CC2ACD6}.Release|x86.ActiveCfg = Release|x86
		{13DFDB92-0B59-4AD5-903F-70A66CC2ACD6}.Release|x86.Build.0 = Release|x86
		{EAA73135-465A-475D-92C0-0133651CF629}.Debug|Any CPU.ActiveCfg = Debug|Any CPU
		{EAA73135-465A-475D-92C0-0133651CF629}.Debug|Any CPU.Build.0 = Debug|Any CPU
		{EAA73135-465A-475D-92C0-0133651CF629}.Debug|Mixed Platforms.ActiveCfg = Debug|Any CPU
		{EAA73135-465A-475D-92C0-0133651CF629}.Debug|Mixed Platforms.Build.0 = Debug|Any CPU
		{EAA73135-465A-475D-92C0-0133651CF629}.Debug|x86.ActiveCfg = Debug|Any CPU
		{EAA73135-465A-475D-92C0-0133651CF629}.Debug|x86.Build.0 = Debug|Any CPU
		{EAA73135-465A-475D-92C0-0133651CF629}.Release|Any CPU.ActiveCfg = Release|Any CPU
		{EAA73135-465A-475D-92C0-0133651CF629}.Release|Any CPU.Build.0 = Release|Any CPU
		{EAA73135-465A-475D-92C0-0133651CF629}.Release|Mixed Platforms.ActiveCfg = Release|Any CPU
		{EAA73135-465A-475D-92C0-0133651CF629}.Release|Mixed Platforms.Build.0 = Release|Any CPU
		{EAA73135-465A-475D-92C0-0133651CF629}.Release|x86.ActiveCfg = Release|Any CPU
	EndGlobalSection
	GlobalSection(SolutionProperties) = preSolution
		HideSolutionNode = FALSE
	EndGlobalSection
EndGlobal
