
Microsoft Visual Studio Solution File, Format Version 11.00
# Visual Studio 2010
Project("{FAE04EC0-301F-11D3-BF4B-00C04F79EFBC}") = "AutohausRestService", "AutohausRestService\AutohausRestService.csproj", "{A98E40E1-81E7-4EE3-84D4-D69D79647CA6}"
EndProject
Project("{FAE04EC0-301F-11D3-BF4B-00C04F79EFBC}") = "GeneralTools", "..\..\Tools\GeneralTools\GeneralTools.csproj", "{A4F36243-8D89-460F-ACB3-EF7DF37D6FCA}"
EndProject
Project("{FAE04EC0-301F-11D3-BF4B-00C04F79EFBC}") = "WebTools", "..\..\Tools\WebTools\WebTools.csproj", "{540F0A45-F018-4489-8153-4504CA663CFE}"
EndProject
Project("{FAE04EC0-301F-11D3-BF4B-00C04F79EFBC}") = "CkgDomainLogic", "..\..\CkgDomainLogic\Lib\CkgDomainLogic.csproj", "{D8B336B9-0D12-4AA8-B6D2-536425C228E9}"
EndProject
Project("{FAE04EC0-301F-11D3-BF4B-00C04F79EFBC}") = "MvcTools", "..\..\Tools\MvcTools\MvcTools.csproj", "{EE073662-9DA7-4B2C-8877-893A044EB157}"
EndProject
Project("{FAE04EC0-301F-11D3-BF4B-00C04F79EFBC}") = "DocumentTools", "..\..\Tools\DocumentTools\DocumentTools.csproj", "{ABF5DC33-24DB-426C-B18A-A09A4D1BF213}"
EndProject
Project("{FAE04EC0-301F-11D3-BF4B-00C04F79EFBC}") = "SapORM.Models", "..\..\SapORM\models\SapORM.Models.csproj", "{A69CE30D-D988-4DEF-99D0-A0B0F18FC99C}"
EndProject
Project("{FAE04EC0-301F-11D3-BF4B-00C04F79EFBC}") = "WebTools35", "..\..\Tools\WebTools35\WebTools35.csproj", "{772437C2-C72D-4F33-9727-312F8868C94D}"
EndProject
Project("{FAE04EC0-301F-11D3-BF4B-00C04F79EFBC}") = "SapORM.Contracts", "..\..\SapORM\contracts\SapORM.Contracts.csproj", "{B24C32C4-9B13-48C5-9AA9-021A8D870650}"
EndProject
Project("{FAE04EC0-301F-11D3-BF4B-00C04F79EFBC}") = "SapORM.Services", "..\..\SapORM\services\SapORM.Services.csproj", "{94855E9C-AF22-46A7-A55B-9CFF8E96F961}"
EndProject
Global
	GlobalSection(SolutionConfigurationPlatforms) = preSolution
		Debug|Any CPU = Debug|Any CPU
		DebugQuick|Any CPU = DebugQuick|Any CPU
		Release|Any CPU = Release|Any CPU
	EndGlobalSection
	GlobalSection(ProjectConfigurationPlatforms) = postSolution
		{A98E40E1-81E7-4EE3-84D4-D69D79647CA6}.Debug|Any CPU.ActiveCfg = Debug|Any CPU
		{A98E40E1-81E7-4EE3-84D4-D69D79647CA6}.Debug|Any CPU.Build.0 = Debug|Any CPU
		{A98E40E1-81E7-4EE3-84D4-D69D79647CA6}.DebugQuick|Any CPU.ActiveCfg = Debug|Any CPU
		{A98E40E1-81E7-4EE3-84D4-D69D79647CA6}.DebugQuick|Any CPU.Build.0 = Debug|Any CPU
		{A98E40E1-81E7-4EE3-84D4-D69D79647CA6}.Release|Any CPU.ActiveCfg = Release|Any CPU
		{A98E40E1-81E7-4EE3-84D4-D69D79647CA6}.Release|Any CPU.Build.0 = Release|Any CPU
		{A4F36243-8D89-460F-ACB3-EF7DF37D6FCA}.Debug|Any CPU.ActiveCfg = Debug|Any CPU
		{A4F36243-8D89-460F-ACB3-EF7DF37D6FCA}.Debug|Any CPU.Build.0 = Debug|Any CPU
		{A4F36243-8D89-460F-ACB3-EF7DF37D6FCA}.DebugQuick|Any CPU.ActiveCfg = DebugQuick|Any CPU
		{A4F36243-8D89-460F-ACB3-EF7DF37D6FCA}.DebugQuick|Any CPU.Build.0 = DebugQuick|Any CPU
		{A4F36243-8D89-460F-ACB3-EF7DF37D6FCA}.Release|Any CPU.ActiveCfg = Release|Any CPU
		{A4F36243-8D89-460F-ACB3-EF7DF37D6FCA}.Release|Any CPU.Build.0 = Release|Any CPU
		{540F0A45-F018-4489-8153-4504CA663CFE}.Debug|Any CPU.ActiveCfg = Debug|Any CPU
		{540F0A45-F018-4489-8153-4504CA663CFE}.Debug|Any CPU.Build.0 = Debug|Any CPU
		{540F0A45-F018-4489-8153-4504CA663CFE}.DebugQuick|Any CPU.ActiveCfg = DebugQuick|Any CPU
		{540F0A45-F018-4489-8153-4504CA663CFE}.DebugQuick|Any CPU.Build.0 = DebugQuick|Any CPU
		{540F0A45-F018-4489-8153-4504CA663CFE}.Release|Any CPU.ActiveCfg = Release|Any CPU
		{540F0A45-F018-4489-8153-4504CA663CFE}.Release|Any CPU.Build.0 = Release|Any CPU
		{D8B336B9-0D12-4AA8-B6D2-536425C228E9}.Debug|Any CPU.ActiveCfg = Debug|Any CPU
		{D8B336B9-0D12-4AA8-B6D2-536425C228E9}.Debug|Any CPU.Build.0 = Debug|Any CPU
		{D8B336B9-0D12-4AA8-B6D2-536425C228E9}.DebugQuick|Any CPU.ActiveCfg = DebugQuick|Any CPU
		{D8B336B9-0D12-4AA8-B6D2-536425C228E9}.DebugQuick|Any CPU.Build.0 = DebugQuick|Any CPU
		{D8B336B9-0D12-4AA8-B6D2-536425C228E9}.Release|Any CPU.ActiveCfg = Release|Any CPU
		{D8B336B9-0D12-4AA8-B6D2-536425C228E9}.Release|Any CPU.Build.0 = Release|Any CPU
		{EE073662-9DA7-4B2C-8877-893A044EB157}.Debug|Any CPU.ActiveCfg = Debug|Any CPU
		{EE073662-9DA7-4B2C-8877-893A044EB157}.Debug|Any CPU.Build.0 = Debug|Any CPU
		{EE073662-9DA7-4B2C-8877-893A044EB157}.DebugQuick|Any CPU.ActiveCfg = DebugQuick|Any CPU
		{EE073662-9DA7-4B2C-8877-893A044EB157}.DebugQuick|Any CPU.Build.0 = DebugQuick|Any CPU
		{EE073662-9DA7-4B2C-8877-893A044EB157}.Release|Any CPU.ActiveCfg = Release|Any CPU
		{EE073662-9DA7-4B2C-8877-893A044EB157}.Release|Any CPU.Build.0 = Release|Any CPU
		{ABF5DC33-24DB-426C-B18A-A09A4D1BF213}.Debug|Any CPU.ActiveCfg = Debug|Any CPU
		{ABF5DC33-24DB-426C-B18A-A09A4D1BF213}.Debug|Any CPU.Build.0 = Debug|Any CPU
		{ABF5DC33-24DB-426C-B18A-A09A4D1BF213}.DebugQuick|Any CPU.ActiveCfg = DebugQuick|Any CPU
		{ABF5DC33-24DB-426C-B18A-A09A4D1BF213}.DebugQuick|Any CPU.Build.0 = DebugQuick|Any CPU
		{ABF5DC33-24DB-426C-B18A-A09A4D1BF213}.Release|Any CPU.ActiveCfg = Release|Any CPU
		{ABF5DC33-24DB-426C-B18A-A09A4D1BF213}.Release|Any CPU.Build.0 = Release|Any CPU
		{A69CE30D-D988-4DEF-99D0-A0B0F18FC99C}.Debug|Any CPU.ActiveCfg = Debug|Any CPU
		{A69CE30D-D988-4DEF-99D0-A0B0F18FC99C}.Debug|Any CPU.Build.0 = Debug|Any CPU
		{A69CE30D-D988-4DEF-99D0-A0B0F18FC99C}.DebugQuick|Any CPU.ActiveCfg = DebugQuick|Any CPU
		{A69CE30D-D988-4DEF-99D0-A0B0F18FC99C}.DebugQuick|Any CPU.Build.0 = DebugQuick|Any CPU
		{A69CE30D-D988-4DEF-99D0-A0B0F18FC99C}.Release|Any CPU.ActiveCfg = Release|Any CPU
		{A69CE30D-D988-4DEF-99D0-A0B0F18FC99C}.Release|Any CPU.Build.0 = Release|Any CPU
		{772437C2-C72D-4F33-9727-312F8868C94D}.Debug|Any CPU.ActiveCfg = Debug|Any CPU
		{772437C2-C72D-4F33-9727-312F8868C94D}.Debug|Any CPU.Build.0 = Debug|Any CPU
		{772437C2-C72D-4F33-9727-312F8868C94D}.DebugQuick|Any CPU.ActiveCfg = DebugQuick|Any CPU
		{772437C2-C72D-4F33-9727-312F8868C94D}.DebugQuick|Any CPU.Build.0 = DebugQuick|Any CPU
		{772437C2-C72D-4F33-9727-312F8868C94D}.Release|Any CPU.ActiveCfg = Release|Any CPU
		{772437C2-C72D-4F33-9727-312F8868C94D}.Release|Any CPU.Build.0 = Release|Any CPU
		{B24C32C4-9B13-48C5-9AA9-021A8D870650}.Debug|Any CPU.ActiveCfg = Debug|Any CPU
		{B24C32C4-9B13-48C5-9AA9-021A8D870650}.Debug|Any CPU.Build.0 = Debug|Any CPU
		{B24C32C4-9B13-48C5-9AA9-021A8D870650}.DebugQuick|Any CPU.ActiveCfg = DebugQuick|Any CPU
		{B24C32C4-9B13-48C5-9AA9-021A8D870650}.DebugQuick|Any CPU.Build.0 = DebugQuick|Any CPU
		{B24C32C4-9B13-48C5-9AA9-021A8D870650}.Release|Any CPU.ActiveCfg = Release|Any CPU
		{B24C32C4-9B13-48C5-9AA9-021A8D870650}.Release|Any CPU.Build.0 = Release|Any CPU
		{94855E9C-AF22-46A7-A55B-9CFF8E96F961}.Debug|Any CPU.ActiveCfg = Debug|Any CPU
		{94855E9C-AF22-46A7-A55B-9CFF8E96F961}.Debug|Any CPU.Build.0 = Debug|Any CPU
		{94855E9C-AF22-46A7-A55B-9CFF8E96F961}.DebugQuick|Any CPU.ActiveCfg = DebugQuick|Any CPU
		{94855E9C-AF22-46A7-A55B-9CFF8E96F961}.DebugQuick|Any CPU.Build.0 = DebugQuick|Any CPU
		{94855E9C-AF22-46A7-A55B-9CFF8E96F961}.Release|Any CPU.ActiveCfg = Release|Any CPU
		{94855E9C-AF22-46A7-A55B-9CFF8E96F961}.Release|Any CPU.Build.0 = Release|Any CPU
	EndGlobalSection
	GlobalSection(SolutionProperties) = preSolution
		HideSolutionNode = FALSE
	EndGlobalSection
EndGlobal
