
Microsoft Visual Studio Solution File, Format Version 11.00
# Visual Studio 2010
Project("{FAE04EC0-301F-11D3-BF4B-00C04F79EFBC}") = "BaseService", "BaseService.csproj", "{F24219F9-5115-4B72-9C76-CB1ADA1BF797}"
EndProject
Global
	GlobalSection(TeamFoundationVersionControl) = preSolution
		SccNumberOfProjects = 2
		SccEnterpriseProvider = {4CA58AB2-18FA-4F8D-95D4-32DDF27D184C}
		SccTeamFoundationServer = http://vms047:8080/tfs/defaultcollection
		SccLocalPath0 = .
		SccProjectUniqueName1 = BaseService.csproj
		SccLocalPath1 = .
	EndGlobalSection
	GlobalSection(SolutionConfigurationPlatforms) = preSolution
		Debug|Any CPU = Debug|Any CPU
		Release|Any CPU = Release|Any CPU
	EndGlobalSection
	GlobalSection(ProjectConfigurationPlatforms) = postSolution
		{F24219F9-5115-4B72-9C76-CB1ADA1BF797}.Debug|Any CPU.ActiveCfg = Release|Any CPU
		{F24219F9-5115-4B72-9C76-CB1ADA1BF797}.Debug|Any CPU.Build.0 = Release|Any CPU
		{F24219F9-5115-4B72-9C76-CB1ADA1BF797}.Release|Any CPU.ActiveCfg = Debug|Any CPU
		{F24219F9-5115-4B72-9C76-CB1ADA1BF797}.Release|Any CPU.Build.0 = Debug|Any CPU
	EndGlobalSection
	GlobalSection(SolutionProperties) = preSolution
		HideSolutionNode = FALSE
	EndGlobalSection
EndGlobal
