
Microsoft Visual Studio Solution File, Format Version 11.00
# Visual Studio 2010
Project("{FAE04EC0-301F-11D3-BF4B-00C04F79EFBC}") = "EasyExportGeneralTask", "EasyExportGeneralTask\EasyExportGeneralTask.csproj", "{ECD4EDE0-3B7A-4809-998E-AE00AAD037DD}"
EndProject
Project("{FAE04EC0-301F-11D3-BF4B-00C04F79EFBC}") = "UniversalFileBasedLogging", "..\UniversalFileBasedLogging\UniversalFileBasedLogging\UniversalFileBasedLogging.csproj", "{49BBB463-CB80-4896-85F6-0D9D9EC3DE6F}"
EndProject
Global
	GlobalSection(TeamFoundationVersionControl) = preSolution
		SccNumberOfProjects = 2
		SccEnterpriseProvider = {4CA58AB2-18FA-4F8D-95D4-32DDF27D184C}
		SccTeamFoundationServer = http://vms047:8080/tfs/defaultcollection
		SccLocalPath0 = .
		SccProjectUniqueName1 = ..\\UniversalFileBasedLogging\\UniversalFileBasedLogging\\UniversalFileBasedLogging.csproj
		SccProjectName1 = ../../UniversalFileBasedLogging/UniversalFileBasedLogging
		SccLocalPath1 = ..\\UniversalFileBasedLogging\\UniversalFileBasedLogging
	EndGlobalSection
	GlobalSection(SolutionConfigurationPlatforms) = preSolution
		Debug|Any CPU = Debug|Any CPU
		Debug|Mixed Platforms = Debug|Mixed Platforms
		Debug|x86 = Debug|x86
		DebugQuick|Any CPU = DebugQuick|Any CPU
		DebugQuick|Mixed Platforms = DebugQuick|Mixed Platforms
		DebugQuick|x86 = DebugQuick|x86
		Release|Any CPU = Release|Any CPU
		Release|Mixed Platforms = Release|Mixed Platforms
		Release|x86 = Release|x86
	EndGlobalSection
	GlobalSection(ProjectConfigurationPlatforms) = postSolution
		{ECD4EDE0-3B7A-4809-998E-AE00AAD037DD}.Debug|Any CPU.ActiveCfg = Debug|x86
		{ECD4EDE0-3B7A-4809-998E-AE00AAD037DD}.Debug|Mixed Platforms.ActiveCfg = Debug|x86
		{ECD4EDE0-3B7A-4809-998E-AE00AAD037DD}.Debug|Mixed Platforms.Build.0 = Debug|x86
		{ECD4EDE0-3B7A-4809-998E-AE00AAD037DD}.Debug|x86.ActiveCfg = Debug|x86
		{ECD4EDE0-3B7A-4809-998E-AE00AAD037DD}.Debug|x86.Build.0 = Debug|x86
		{ECD4EDE0-3B7A-4809-998E-AE00AAD037DD}.DebugQuick|Any CPU.ActiveCfg = Debug|x86
		{ECD4EDE0-3B7A-4809-998E-AE00AAD037DD}.DebugQuick|Mixed Platforms.ActiveCfg = Debug|x86
		{ECD4EDE0-3B7A-4809-998E-AE00AAD037DD}.DebugQuick|Mixed Platforms.Build.0 = Debug|x86
		{ECD4EDE0-3B7A-4809-998E-AE00AAD037DD}.DebugQuick|x86.ActiveCfg = Debug|x86
		{ECD4EDE0-3B7A-4809-998E-AE00AAD037DD}.DebugQuick|x86.Build.0 = Debug|x86
		{ECD4EDE0-3B7A-4809-998E-AE00AAD037DD}.Release|Any CPU.ActiveCfg = Release|x86
		{ECD4EDE0-3B7A-4809-998E-AE00AAD037DD}.Release|Mixed Platforms.ActiveCfg = Release|x86
		{ECD4EDE0-3B7A-4809-998E-AE00AAD037DD}.Release|Mixed Platforms.Build.0 = Release|x86
		{ECD4EDE0-3B7A-4809-998E-AE00AAD037DD}.Release|x86.ActiveCfg = Release|x86
		{ECD4EDE0-3B7A-4809-998E-AE00AAD037DD}.Release|x86.Build.0 = Release|x86
		{49BBB463-CB80-4896-85F6-0D9D9EC3DE6F}.Debug|Any CPU.ActiveCfg = Debug|Any CPU
		{49BBB463-CB80-4896-85F6-0D9D9EC3DE6F}.Debug|Any CPU.Build.0 = Debug|Any CPU
		{49BBB463-CB80-4896-85F6-0D9D9EC3DE6F}.Debug|Mixed Platforms.ActiveCfg = Debug|Any CPU
		{49BBB463-CB80-4896-85F6-0D9D9EC3DE6F}.Debug|Mixed Platforms.Build.0 = Debug|Any CPU
		{49BBB463-CB80-4896-85F6-0D9D9EC3DE6F}.Debug|x86.ActiveCfg = Debug|Any CPU
		{49BBB463-CB80-4896-85F6-0D9D9EC3DE6F}.DebugQuick|Any CPU.ActiveCfg = Debug|Any CPU
		{49BBB463-CB80-4896-85F6-0D9D9EC3DE6F}.DebugQuick|Any CPU.Build.0 = Debug|Any CPU
		{49BBB463-CB80-4896-85F6-0D9D9EC3DE6F}.DebugQuick|Mixed Platforms.ActiveCfg = Debug|Any CPU
		{49BBB463-CB80-4896-85F6-0D9D9EC3DE6F}.DebugQuick|Mixed Platforms.Build.0 = Debug|Any CPU
		{49BBB463-CB80-4896-85F6-0D9D9EC3DE6F}.DebugQuick|x86.ActiveCfg = Debug|Any CPU
		{49BBB463-CB80-4896-85F6-0D9D9EC3DE6F}.Release|Any CPU.ActiveCfg = Release|Any CPU
		{49BBB463-CB80-4896-85F6-0D9D9EC3DE6F}.Release|Any CPU.Build.0 = Release|Any CPU
		{49BBB463-CB80-4896-85F6-0D9D9EC3DE6F}.Release|Mixed Platforms.ActiveCfg = Release|Any CPU
		{49BBB463-CB80-4896-85F6-0D9D9EC3DE6F}.Release|Mixed Platforms.Build.0 = Release|Any CPU
		{49BBB463-CB80-4896-85F6-0D9D9EC3DE6F}.Release|x86.ActiveCfg = Release|Any CPU
	EndGlobalSection
	GlobalSection(SolutionProperties) = preSolution
		HideSolutionNode = FALSE
	EndGlobalSection
EndGlobal
