
Microsoft Visual Studio Solution File, Format Version 11.00
# Visual Studio 2010
Project("{F184B08F-C81C-45F6-A57F-5ABD9991F28F}") = "AppCommonLeasing", "AppCommonLeasing.vbproj", "{813F3B47-12A4-43D6-BA28-05A1DC07420D}"
EndProject
Project("{F184B08F-C81C-45F6-A57F-5ABD9991F28F}") = "Portal", "..\..\Portal.vbproj", "{30A2EB24-1053-4213-A502-DC1534F4D73E}"
EndProject
Project("{F184B08F-C81C-45F6-A57F-5ABD9991F28F}") = "Base", "..\..\..\..\..\Work\BtBase\Base.vbproj", "{B10B1992-6D06-42B3-97C6-18CBB9D0725A}"
EndProject
Project("{FAE04EC0-301F-11D3-BF4B-00C04F79EFBC}") = "SapORM.Contracts", "..\..\..\..\..\Work\SapORM\contracts\SapORM.Contracts.csproj", "{B24C32C4-9B13-48C5-9AA9-021A8D870650}"
EndProject
Project("{FAE04EC0-301F-11D3-BF4B-00C04F79EFBC}") = "BtBaseMvc", "..\..\..\..\..\Work\BtBase\BtBaseMvc\BtBaseMvc\BtBaseMvc.csproj", "{A5A55959-BB66-46D5-BE2E-7DD6CF967DB7}"
EndProject
Project("{FAE04EC0-301F-11D3-BF4B-00C04F79EFBC}") = "DynSapProxyFactories", "..\..\..\..\..\Work\SapORM\DynSapProxy\ProxyFactory\DynSapProxyCacheFactory\DynSapProxyFactories.csproj", "{4DFE7E75-BE11-4166-8DE5-16A0677515F4}"
EndProject
Project("{FAE04EC0-301F-11D3-BF4B-00C04F79EFBC}") = "DynSapProxyObjectErp35", "..\..\..\..\..\Work\SapORM\DynSapProxy\ProxyObject\DynSapProxyObjectErp35\DynSapProxyObjectErp35.csproj", "{FD5710DE-3532-4F4A-AF62-4EF97F11A4E9}"
EndProject
Project("{FAE04EC0-301F-11D3-BF4B-00C04F79EFBC}") = "GeneralTools", "..\..\..\..\..\Work\Tools\GeneralTools\GeneralTools.csproj", "{A4F36243-8D89-460F-ACB3-EF7DF37D6FCA}"
EndProject
Project("{FAE04EC0-301F-11D3-BF4B-00C04F79EFBC}") = "SapORM.Models", "..\..\..\..\..\Work\SapORM\models\SapORM.Models.csproj", "{A69CE30D-D988-4DEF-99D0-A0B0F18FC99C}"
EndProject
Project("{FAE04EC0-301F-11D3-BF4B-00C04F79EFBC}") = "SapORM.Services", "..\..\..\..\..\Work\SapORM\services\SapORM.Services.csproj", "{94855E9C-AF22-46A7-A55B-9CFF8E96F961}"
EndProject
Global
	GlobalSection(SolutionConfigurationPlatforms) = preSolution
		Debug|Any CPU = Debug|Any CPU
		DebugQuick|Any CPU = DebugQuick|Any CPU
		Release|Any CPU = Release|Any CPU
	EndGlobalSection
	GlobalSection(ProjectConfigurationPlatforms) = postSolution
		{813F3B47-12A4-43D6-BA28-05A1DC07420D}.Debug|Any CPU.ActiveCfg = Debug|Any CPU
		{813F3B47-12A4-43D6-BA28-05A1DC07420D}.Debug|Any CPU.Build.0 = Debug|Any CPU
		{813F3B47-12A4-43D6-BA28-05A1DC07420D}.DebugQuick|Any CPU.ActiveCfg = Debug|Any CPU
		{813F3B47-12A4-43D6-BA28-05A1DC07420D}.DebugQuick|Any CPU.Build.0 = Debug|Any CPU
		{813F3B47-12A4-43D6-BA28-05A1DC07420D}.Release|Any CPU.ActiveCfg = Release|Any CPU
		{813F3B47-12A4-43D6-BA28-05A1DC07420D}.Release|Any CPU.Build.0 = Release|Any CPU
		{30A2EB24-1053-4213-A502-DC1534F4D73E}.Debug|Any CPU.ActiveCfg = Debug|Any CPU
		{30A2EB24-1053-4213-A502-DC1534F4D73E}.Debug|Any CPU.Build.0 = Debug|Any CPU
		{30A2EB24-1053-4213-A502-DC1534F4D73E}.DebugQuick|Any CPU.ActiveCfg = Debug|Any CPU
		{30A2EB24-1053-4213-A502-DC1534F4D73E}.DebugQuick|Any CPU.Build.0 = Debug|Any CPU
		{30A2EB24-1053-4213-A502-DC1534F4D73E}.Release|Any CPU.ActiveCfg = Release|Any CPU
		{30A2EB24-1053-4213-A502-DC1534F4D73E}.Release|Any CPU.Build.0 = Release|Any CPU
		{B10B1992-6D06-42B3-97C6-18CBB9D0725A}.Debug|Any CPU.ActiveCfg = Debug|Any CPU
		{B10B1992-6D06-42B3-97C6-18CBB9D0725A}.Debug|Any CPU.Build.0 = Debug|Any CPU
		{B10B1992-6D06-42B3-97C6-18CBB9D0725A}.DebugQuick|Any CPU.ActiveCfg = Debug|Any CPU
		{B10B1992-6D06-42B3-97C6-18CBB9D0725A}.DebugQuick|Any CPU.Build.0 = Debug|Any CPU
		{B10B1992-6D06-42B3-97C6-18CBB9D0725A}.Release|Any CPU.ActiveCfg = Release|Any CPU
		{B10B1992-6D06-42B3-97C6-18CBB9D0725A}.Release|Any CPU.Build.0 = Release|Any CPU
		{B24C32C4-9B13-48C5-9AA9-021A8D870650}.Debug|Any CPU.ActiveCfg = Debug|Any CPU
		{B24C32C4-9B13-48C5-9AA9-021A8D870650}.Debug|Any CPU.Build.0 = Debug|Any CPU
		{B24C32C4-9B13-48C5-9AA9-021A8D870650}.DebugQuick|Any CPU.ActiveCfg = DebugQuick|Any CPU
		{B24C32C4-9B13-48C5-9AA9-021A8D870650}.DebugQuick|Any CPU.Build.0 = DebugQuick|Any CPU
		{B24C32C4-9B13-48C5-9AA9-021A8D870650}.Release|Any CPU.ActiveCfg = Release|Any CPU
		{B24C32C4-9B13-48C5-9AA9-021A8D870650}.Release|Any CPU.Build.0 = Release|Any CPU
		{A5A55959-BB66-46D5-BE2E-7DD6CF967DB7}.Debug|Any CPU.ActiveCfg = Debug|Any CPU
		{A5A55959-BB66-46D5-BE2E-7DD6CF967DB7}.Debug|Any CPU.Build.0 = Debug|Any CPU
		{A5A55959-BB66-46D5-BE2E-7DD6CF967DB7}.DebugQuick|Any CPU.ActiveCfg = Debug|Any CPU
		{A5A55959-BB66-46D5-BE2E-7DD6CF967DB7}.DebugQuick|Any CPU.Build.0 = Debug|Any CPU
		{A5A55959-BB66-46D5-BE2E-7DD6CF967DB7}.Release|Any CPU.ActiveCfg = Release|Any CPU
		{A5A55959-BB66-46D5-BE2E-7DD6CF967DB7}.Release|Any CPU.Build.0 = Release|Any CPU
		{4DFE7E75-BE11-4166-8DE5-16A0677515F4}.Debug|Any CPU.ActiveCfg = Debug|Any CPU
		{4DFE7E75-BE11-4166-8DE5-16A0677515F4}.Debug|Any CPU.Build.0 = Debug|Any CPU
		{4DFE7E75-BE11-4166-8DE5-16A0677515F4}.DebugQuick|Any CPU.ActiveCfg = Debug|Any CPU
		{4DFE7E75-BE11-4166-8DE5-16A0677515F4}.DebugQuick|Any CPU.Build.0 = Debug|Any CPU
		{4DFE7E75-BE11-4166-8DE5-16A0677515F4}.Release|Any CPU.ActiveCfg = Release|Any CPU
		{4DFE7E75-BE11-4166-8DE5-16A0677515F4}.Release|Any CPU.Build.0 = Release|Any CPU
		{FD5710DE-3532-4F4A-AF62-4EF97F11A4E9}.Debug|Any CPU.ActiveCfg = Debug|Any CPU
		{FD5710DE-3532-4F4A-AF62-4EF97F11A4E9}.Debug|Any CPU.Build.0 = Debug|Any CPU
		{FD5710DE-3532-4F4A-AF62-4EF97F11A4E9}.DebugQuick|Any CPU.ActiveCfg = Debug|Any CPU
		{FD5710DE-3532-4F4A-AF62-4EF97F11A4E9}.DebugQuick|Any CPU.Build.0 = Debug|Any CPU
		{FD5710DE-3532-4F4A-AF62-4EF97F11A4E9}.Release|Any CPU.ActiveCfg = Release|Any CPU
		{FD5710DE-3532-4F4A-AF62-4EF97F11A4E9}.Release|Any CPU.Build.0 = Release|Any CPU
		{A4F36243-8D89-460F-ACB3-EF7DF37D6FCA}.Debug|Any CPU.ActiveCfg = Debug|Any CPU
		{A4F36243-8D89-460F-ACB3-EF7DF37D6FCA}.Debug|Any CPU.Build.0 = Debug|Any CPU
		{A4F36243-8D89-460F-ACB3-EF7DF37D6FCA}.DebugQuick|Any CPU.ActiveCfg = DebugQuick|Any CPU
		{A4F36243-8D89-460F-ACB3-EF7DF37D6FCA}.DebugQuick|Any CPU.Build.0 = DebugQuick|Any CPU
		{A4F36243-8D89-460F-ACB3-EF7DF37D6FCA}.Release|Any CPU.ActiveCfg = Release|Any CPU
		{A4F36243-8D89-460F-ACB3-EF7DF37D6FCA}.Release|Any CPU.Build.0 = Release|Any CPU
		{A69CE30D-D988-4DEF-99D0-A0B0F18FC99C}.Debug|Any CPU.ActiveCfg = Debug|Any CPU
		{A69CE30D-D988-4DEF-99D0-A0B0F18FC99C}.Debug|Any CPU.Build.0 = Debug|Any CPU
		{A69CE30D-D988-4DEF-99D0-A0B0F18FC99C}.DebugQuick|Any CPU.ActiveCfg = DebugQuick|Any CPU
		{A69CE30D-D988-4DEF-99D0-A0B0F18FC99C}.DebugQuick|Any CPU.Build.0 = DebugQuick|Any CPU
		{A69CE30D-D988-4DEF-99D0-A0B0F18FC99C}.Release|Any CPU.ActiveCfg = Release|Any CPU
		{A69CE30D-D988-4DEF-99D0-A0B0F18FC99C}.Release|Any CPU.Build.0 = Release|Any CPU
		{94855E9C-AF22-46A7-A55B-9CFF8E96F961}.Debug|Any CPU.ActiveCfg = Debug|Any CPU
		{94855E9C-AF22-46A7-A55B-9CFF8E96F961}.Debug|Any CPU.Build.0 = Debug|Any CPU
		{94855E9C-AF22-46A7-A55B-9CFF8E96F961}.DebugQuick|Any CPU.ActiveCfg = DebugQuick|Any CPU
		{94855E9C-AF22-46A7-A55B-9CFF8E96F961}.DebugQuick|Any CPU.Build.0 = DebugQuick|Any CPU
		{94855E9C-AF22-46A7-A55B-9CFF8E96F961}.Release|Any CPU.ActiveCfg = Release|Any CPU
		{94855E9C-AF22-46A7-A55B-9CFF8E96F961}.Release|Any CPU.Build.0 = Release|Any CPU
	EndGlobalSection
	GlobalSection(SolutionProperties) = preSolution
		HideSolutionNode = FALSE
	EndGlobalSection
EndGlobal
