
Microsoft Visual Studio Solution File, Format Version 11.00
# Visual Studio 2010
Project("{F184B08F-C81C-45F6-A57F-5ABD9991F28F}") = "AppDCL", "AppDCL.vbproj", "{616A09B9-FF37-4D0F-B16D-28EF5BF90312}"
EndProject
Project("{F184B08F-C81C-45F6-A57F-5ABD9991F28F}") = "Portal", "..\..\Portal.vbproj", "{30A2EB24-1053-4213-A502-DC1534F4D73E}"
EndProject
Project("{F184B08F-C81C-45F6-A57F-5ABD9991F28F}") = "Base", "..\..\..\..\..\Work\BtBase\Base.vbproj", "{B10B1992-6D06-42B3-97C6-18CBB9D0725A}"
EndProject
Project("{FAE04EC0-301F-11D3-BF4B-00C04F79EFBC}") = "BtBaseMvc", "..\..\..\..\..\Work\BtBase\BtBaseMvc\BtBaseMvc\BtBaseMvc.csproj", "{A5A55959-BB66-46D5-BE2E-7DD6CF967DB7}"
EndProject
Project("{FAE04EC0-301F-11D3-BF4B-00C04F79EFBC}") = "GeneralTools", "..\..\..\..\..\Work\Tools\GeneralTools\GeneralTools.csproj", "{A4F36243-8D89-460F-ACB3-EF7DF37D6FCA}"
EndProject
Project("{FAE04EC0-301F-11D3-BF4B-00C04F79EFBC}") = "WebTools35", "..\..\..\..\..\Work\Tools\WebTools35\WebTools35.csproj", "{772437C2-C72D-4F33-9727-312F8868C94D}"
EndProject
Global
	GlobalSection(SolutionConfigurationPlatforms) = preSolution
		Debug|Any CPU = Debug|Any CPU
		DebugQuick|Any CPU = DebugQuick|Any CPU
		Release|Any CPU = Release|Any CPU
	EndGlobalSection
	GlobalSection(ProjectConfigurationPlatforms) = postSolution
		{616A09B9-FF37-4D0F-B16D-28EF5BF90312}.Debug|Any CPU.ActiveCfg = Debug|Any CPU
		{616A09B9-FF37-4D0F-B16D-28EF5BF90312}.Debug|Any CPU.Build.0 = Debug|Any CPU
		{616A09B9-FF37-4D0F-B16D-28EF5BF90312}.DebugQuick|Any CPU.ActiveCfg = Debug|Any CPU
		{616A09B9-FF37-4D0F-B16D-28EF5BF90312}.DebugQuick|Any CPU.Build.0 = Debug|Any CPU
		{616A09B9-FF37-4D0F-B16D-28EF5BF90312}.Release|Any CPU.ActiveCfg = Release|Any CPU
		{616A09B9-FF37-4D0F-B16D-28EF5BF90312}.Release|Any CPU.Build.0 = Release|Any CPU
		{30A2EB24-1053-4213-A502-DC1534F4D73E}.Debug|Any CPU.ActiveCfg = Debug|Any CPU
		{30A2EB24-1053-4213-A502-DC1534F4D73E}.Debug|Any CPU.Build.0 = Debug|Any CPU
		{30A2EB24-1053-4213-A502-DC1534F4D73E}.DebugQuick|Any CPU.ActiveCfg = Debug|Any CPU
		{30A2EB24-1053-4213-A502-DC1534F4D73E}.DebugQuick|Any CPU.Build.0 = Debug|Any CPU
		{30A2EB24-1053-4213-A502-DC1534F4D73E}.Release|Any CPU.ActiveCfg = Release|Any CPU
		{30A2EB24-1053-4213-A502-DC1534F4D73E}.Release|Any CPU.Build.0 = Release|Any CPU
		{B10B1992-6D06-42B3-97C6-18CBB9D0725A}.Debug|Any CPU.ActiveCfg = Debug|Any CPU
		{B10B1992-6D06-42B3-97C6-18CBB9D0725A}.Debug|Any CPU.Build.0 = Debug|Any CPU
		{B10B1992-6D06-42B3-97C6-18CBB9D0725A}.DebugQuick|Any CPU.ActiveCfg = Debug|Any CPU
		{B10B1992-6D06-42B3-97C6-18CBB9D0725A}.DebugQuick|Any CPU.Build.0 = Debug|Any CPU
		{B10B1992-6D06-42B3-97C6-18CBB9D0725A}.Release|Any CPU.ActiveCfg = Release|Any CPU
		{B10B1992-6D06-42B3-97C6-18CBB9D0725A}.Release|Any CPU.Build.0 = Release|Any CPU
		{A5A55959-BB66-46D5-BE2E-7DD6CF967DB7}.Debug|Any CPU.ActiveCfg = Debug|Any CPU
		{A5A55959-BB66-46D5-BE2E-7DD6CF967DB7}.Debug|Any CPU.Build.0 = Debug|Any CPU
		{A5A55959-BB66-46D5-BE2E-7DD6CF967DB7}.DebugQuick|Any CPU.ActiveCfg = Debug|Any CPU
		{A5A55959-BB66-46D5-BE2E-7DD6CF967DB7}.DebugQuick|Any CPU.Build.0 = Debug|Any CPU
		{A5A55959-BB66-46D5-BE2E-7DD6CF967DB7}.Release|Any CPU.ActiveCfg = Release|Any CPU
		{A5A55959-BB66-46D5-BE2E-7DD6CF967DB7}.Release|Any CPU.Build.0 = Release|Any CPU
		{A4F36243-8D89-460F-ACB3-EF7DF37D6FCA}.Debug|Any CPU.ActiveCfg = Debug|Any CPU
		{A4F36243-8D89-460F-ACB3-EF7DF37D6FCA}.Debug|Any CPU.Build.0 = Debug|Any CPU
		{A4F36243-8D89-460F-ACB3-EF7DF37D6FCA}.DebugQuick|Any CPU.ActiveCfg = DebugQuick|Any CPU
		{A4F36243-8D89-460F-ACB3-EF7DF37D6FCA}.DebugQuick|Any CPU.Build.0 = DebugQuick|Any CPU
		{A4F36243-8D89-460F-ACB3-EF7DF37D6FCA}.Release|Any CPU.ActiveCfg = Release|Any CPU
		{A4F36243-8D89-460F-ACB3-EF7DF37D6FCA}.Release|Any CPU.Build.0 = Release|Any CPU
		{772437C2-C72D-4F33-9727-312F8868C94D}.Debug|Any CPU.ActiveCfg = Debug|Any CPU
		{772437C2-C72D-4F33-9727-312F8868C94D}.Debug|Any CPU.Build.0 = Debug|Any CPU
		{772437C2-C72D-4F33-9727-312F8868C94D}.DebugQuick|Any CPU.ActiveCfg = DebugQuick|Any CPU
		{772437C2-C72D-4F33-9727-312F8868C94D}.DebugQuick|Any CPU.Build.0 = DebugQuick|Any CPU
		{772437C2-C72D-4F33-9727-312F8868C94D}.Release|Any CPU.ActiveCfg = Release|Any CPU
		{772437C2-C72D-4F33-9727-312F8868C94D}.Release|Any CPU.Build.0 = Release|Any CPU
	EndGlobalSection
	GlobalSection(SolutionProperties) = preSolution
		HideSolutionNode = FALSE
	EndGlobalSection
EndGlobal
