
Microsoft Visual Studio Solution File, Format Version 12.00
# Visual Studio 2010
Project("{FAE04EC0-301F-11D3-BF4B-00C04F79EFBC}") = "PortalMvcTools", "PortalMvcTools\PortalMvcTools.csproj", "{F85C8A84-DF3A-46AE-B7C0-2D7F06325B97}"
EndProject
Project("{FAE04EC0-301F-11D3-BF4B-00C04F79EFBC}") = "ServicesMvc", "ServicesMvc.csproj", "{E86B27EC-F063-4855-B15C-EE93256CB27D}"
EndProject
Project("{FAE04EC0-301F-11D3-BF4B-00C04F79EFBC}") = "GeneralTools", "..\..\..\work\Tools\GeneralTools\GeneralTools.csproj", "{A4F36243-8D89-460F-ACB3-EF7DF37D6FCA}"
EndProject
Project("{FAE04EC0-301F-11D3-BF4B-00C04F79EFBC}") = "WebTools35", "..\..\..\work\Tools\WebTools35\WebTools35.csproj", "{772437C2-C72D-4F33-9727-312F8868C94D}"
EndProject
Project("{FAE04EC0-301F-11D3-BF4B-00C04F79EFBC}") = "WebTools", "..\..\..\work\Tools\WebTools\WebTools.csproj", "{540F0A45-F018-4489-8153-4504CA663CFE}"
EndProject
Project("{FAE04EC0-301F-11D3-BF4B-00C04F79EFBC}") = "MvcTools", "..\..\..\work\Tools\MvcTools\MvcTools.csproj", "{EE073662-9DA7-4B2C-8877-893A044EB157}"
EndProject
Project("{FAE04EC0-301F-11D3-BF4B-00C04F79EFBC}") = "CkgDomainLogic", "..\..\..\work\CkgDomainLogic\Lib\CkgDomainLogic.csproj", "{D8B336B9-0D12-4AA8-B6D2-536425C228E9}"
EndProject
Project("{FAE04EC0-301F-11D3-BF4B-00C04F79EFBC}") = "CkgDomainCommon", "..\..\..\work\CkgDomainLogic\CkgDomainCommon\CkgDomainCommon.csproj", "{116FCA66-F690-41B3-86F5-B8BF7BBA2949}"
EndProject
Project("{FAE04EC0-301F-11D3-BF4B-00C04F79EFBC}") = "CkgDomainCoc", "..\..\..\work\CkgDomainLogic\CkgDomainCoc\CkgDomainCoc.csproj", "{F01F55AC-5B2F-4877-B398-85FEE13E3EB5}"
EndProject
Project("{FAE04EC0-301F-11D3-BF4B-00C04F79EFBC}") = "CkgDomainFahrzeug", "..\..\..\work\CkgDomainLogic\CkgDomainEqui\CkgDomainFahrzeug.csproj", "{71949B2D-43DC-4465-8D6C-713539741B13}"
EndProject
Project("{FAE04EC0-301F-11D3-BF4B-00C04F79EFBC}") = "CkgDomainLeasing", "..\..\..\work\CkgDomainLogic\CkgDomainLeasing\CkgDomainLeasing.csproj", "{F80FCAF3-6A61-405B-859D-CF3AB8796DBC}"
EndProject
Project("{FAE04EC0-301F-11D3-BF4B-00C04F79EFBC}") = "DocumentTools", "..\..\..\work\Tools\DocumentTools\DocumentTools.csproj", "{ABF5DC33-24DB-426C-B18A-A09A4D1BF213}"
EndProject
Project("{FAE04EC0-301F-11D3-BF4B-00C04F79EFBC}") = "CkgDomainArchive", "..\..\..\work\CkgDomainLogic\CkgDomainArchive\CkgDomainArchive.csproj", "{F1C484BE-4B1D-465D-8761-E29DA430A53A}"
EndProject
Project("{FAE04EC0-301F-11D3-BF4B-00C04F79EFBC}") = "CkgDomainFinance", "..\..\..\work\CkgDomainLogic\CkgDomainFinance\CkgDomainFinance.csproj", "{4DC88616-FFEC-4C5E-A3E6-37A3A1BAB1F1}"
EndProject
Project("{FAE04EC0-301F-11D3-BF4B-00C04F79EFBC}") = "CkgDomainFahrer", "..\..\..\work\CkgDomainLogic\CkgDomainFahrer\CkgDomainFahrer.csproj", "{E30B29D9-EB5B-44A5-97F6-7B891190EE87}"
EndProject
Project("{FAE04EC0-301F-11D3-BF4B-00C04F79EFBC}") = "LogMaintenanceLib", "..\..\..\work\Log\lib\LogMaintenanceLib.csproj", "{7FB5EA84-B7FE-41A4-9D85-AE871FA166AB}"
EndProject
Project("{FAE04EC0-301F-11D3-BF4B-00C04F79EFBC}") = "SapORM.Models", "..\..\..\Work\SapORM\models\SapORM.Models.csproj", "{A69CE30D-D988-4DEF-99D0-A0B0F18FC99C}"
EndProject
Project("{FAE04EC0-301F-11D3-BF4B-00C04F79EFBC}") = "CkgDomainInsurance", "..\..\..\Work\CkgDomainLogic\CkgDomainInsurance\CkgDomainInsurance.csproj", "{7FC30B76-8E4D-448B-B6E2-7EE0BE4D278C}"
EndProject
Project("{FAE04EC0-301F-11D3-BF4B-00C04F79EFBC}") = "CkgDomainAutohaus", "..\..\..\work\CkgDomainLogic\CkgDomainAutohaus\CkgDomainAutohaus.csproj", "{B8B39B55-B1CD-4C1F-A768-C73CE1F3EA08}"
EndProject
Project("{FAE04EC0-301F-11D3-BF4B-00C04F79EFBC}") = "ServicesMvcTest", "..\..\..\Work\Tools\ServicesMvcTest\ServicesMvcTest.csproj", "{E55D68AD-FA2E-490A-AC49-E58C369A0D4D}"
EndProject
Project("{FAE04EC0-301F-11D3-BF4B-00C04F79EFBC}") = "CkgDomainInternal", "..\..\..\Work\CkgDomainLogic\CkgDomainInternal\CkgDomainInternal.csproj", "{32D4DC60-D382-415A-B8C1-EA11A66FDC10}"
EndProject
Project("{FAE04EC0-301F-11D3-BF4B-00C04F79EFBC}") = "CkgDomainRemarketing", "..\..\..\Work\CkgDomainLogic\CkgDomainRemarketing\CkgDomainRemarketing.csproj", "{61521148-EA24-447A-AF13-CA9D7BD3D722}"
EndProject
Global
	GlobalSection(SolutionConfigurationPlatforms) = preSolution
		Debug|Any CPU = Debug|Any CPU
		Debug|Mixed Platforms = Debug|Mixed Platforms
		Debug|x86 = Debug|x86
		DebugQuick|Any CPU = DebugQuick|Any CPU
		DebugQuick|Mixed Platforms = DebugQuick|Mixed Platforms
		DebugQuick|x86 = DebugQuick|x86
		Release|Any CPU = Release|Any CPU
		Release|Mixed Platforms = Release|Mixed Platforms
		Release|x86 = Release|x86
	EndGlobalSection
	GlobalSection(ProjectConfigurationPlatforms) = postSolution
		{F85C8A84-DF3A-46AE-B7C0-2D7F06325B97}.Debug|Any CPU.ActiveCfg = Debug|Any CPU
		{F85C8A84-DF3A-46AE-B7C0-2D7F06325B97}.Debug|Any CPU.Build.0 = Debug|Any CPU
		{F85C8A84-DF3A-46AE-B7C0-2D7F06325B97}.Debug|Mixed Platforms.ActiveCfg = Debug|Any CPU
		{F85C8A84-DF3A-46AE-B7C0-2D7F06325B97}.Debug|Mixed Platforms.Build.0 = Debug|Any CPU
		{F85C8A84-DF3A-46AE-B7C0-2D7F06325B97}.Debug|x86.ActiveCfg = Debug|Any CPU
		{F85C8A84-DF3A-46AE-B7C0-2D7F06325B97}.DebugQuick|Any CPU.ActiveCfg = Debug|Any CPU
		{F85C8A84-DF3A-46AE-B7C0-2D7F06325B97}.DebugQuick|Mixed Platforms.ActiveCfg = DebugQuick|Any CPU
		{F85C8A84-DF3A-46AE-B7C0-2D7F06325B97}.DebugQuick|x86.ActiveCfg = DebugQuick|Any CPU
		{F85C8A84-DF3A-46AE-B7C0-2D7F06325B97}.Release|Any CPU.ActiveCfg = Release|Any CPU
		{F85C8A84-DF3A-46AE-B7C0-2D7F06325B97}.Release|Any CPU.Build.0 = Release|Any CPU
		{F85C8A84-DF3A-46AE-B7C0-2D7F06325B97}.Release|Mixed Platforms.ActiveCfg = Release|Any CPU
		{F85C8A84-DF3A-46AE-B7C0-2D7F06325B97}.Release|Mixed Platforms.Build.0 = Release|Any CPU
		{F85C8A84-DF3A-46AE-B7C0-2D7F06325B97}.Release|x86.ActiveCfg = Release|Any CPU
		{E86B27EC-F063-4855-B15C-EE93256CB27D}.Debug|Any CPU.ActiveCfg = Debug|Any CPU
		{E86B27EC-F063-4855-B15C-EE93256CB27D}.Debug|Any CPU.Build.0 = Debug|Any CPU
		{E86B27EC-F063-4855-B15C-EE93256CB27D}.Debug|Mixed Platforms.ActiveCfg = Debug|Any CPU
		{E86B27EC-F063-4855-B15C-EE93256CB27D}.Debug|Mixed Platforms.Build.0 = Debug|Any CPU
		{E86B27EC-F063-4855-B15C-EE93256CB27D}.Debug|x86.ActiveCfg = Debug|Any CPU
		{E86B27EC-F063-4855-B15C-EE93256CB27D}.DebugQuick|Any CPU.ActiveCfg = Debug|Any CPU
		{E86B27EC-F063-4855-B15C-EE93256CB27D}.DebugQuick|Any CPU.Build.0 = Debug|Any CPU
		{E86B27EC-F063-4855-B15C-EE93256CB27D}.DebugQuick|Mixed Platforms.ActiveCfg = DebugQuick|Any CPU
		{E86B27EC-F063-4855-B15C-EE93256CB27D}.DebugQuick|Mixed Platforms.Build.0 = DebugQuick|Any CPU
		{E86B27EC-F063-4855-B15C-EE93256CB27D}.DebugQuick|x86.ActiveCfg = DebugQuick|Any CPU
		{E86B27EC-F063-4855-B15C-EE93256CB27D}.Release|Any CPU.ActiveCfg = Release|Any CPU
		{E86B27EC-F063-4855-B15C-EE93256CB27D}.Release|Any CPU.Build.0 = Release|Any CPU
		{E86B27EC-F063-4855-B15C-EE93256CB27D}.Release|Mixed Platforms.ActiveCfg = Release|Any CPU
		{E86B27EC-F063-4855-B15C-EE93256CB27D}.Release|Mixed Platforms.Build.0 = Release|Any CPU
		{E86B27EC-F063-4855-B15C-EE93256CB27D}.Release|x86.ActiveCfg = Release|Any CPU
		{A4F36243-8D89-460F-ACB3-EF7DF37D6FCA}.Debug|Any CPU.ActiveCfg = Debug|Any CPU
		{A4F36243-8D89-460F-ACB3-EF7DF37D6FCA}.Debug|Any CPU.Build.0 = Debug|Any CPU
		{A4F36243-8D89-460F-ACB3-EF7DF37D6FCA}.Debug|Mixed Platforms.ActiveCfg = Debug|Any CPU
		{A4F36243-8D89-460F-ACB3-EF7DF37D6FCA}.Debug|Mixed Platforms.Build.0 = Debug|Any CPU
		{A4F36243-8D89-460F-ACB3-EF7DF37D6FCA}.Debug|x86.ActiveCfg = Debug|Any CPU
		{A4F36243-8D89-460F-ACB3-EF7DF37D6FCA}.DebugQuick|Any CPU.ActiveCfg = Debug|Any CPU
		{A4F36243-8D89-460F-ACB3-EF7DF37D6FCA}.DebugQuick|Mixed Platforms.ActiveCfg = DebugQuick|Any CPU
		{A4F36243-8D89-460F-ACB3-EF7DF37D6FCA}.DebugQuick|x86.ActiveCfg = DebugQuick|Any CPU
		{A4F36243-8D89-460F-ACB3-EF7DF37D6FCA}.Release|Any CPU.ActiveCfg = Release|Any CPU
		{A4F36243-8D89-460F-ACB3-EF7DF37D6FCA}.Release|Any CPU.Build.0 = Release|Any CPU
		{A4F36243-8D89-460F-ACB3-EF7DF37D6FCA}.Release|Mixed Platforms.ActiveCfg = Release|Any CPU
		{A4F36243-8D89-460F-ACB3-EF7DF37D6FCA}.Release|Mixed Platforms.Build.0 = Release|Any CPU
		{A4F36243-8D89-460F-ACB3-EF7DF37D6FCA}.Release|x86.ActiveCfg = Release|Any CPU
		{772437C2-C72D-4F33-9727-312F8868C94D}.Debug|Any CPU.ActiveCfg = Debug|Any CPU
		{772437C2-C72D-4F33-9727-312F8868C94D}.Debug|Any CPU.Build.0 = Debug|Any CPU
		{772437C2-C72D-4F33-9727-312F8868C94D}.Debug|Mixed Platforms.ActiveCfg = Debug|Any CPU
		{772437C2-C72D-4F33-9727-312F8868C94D}.Debug|Mixed Platforms.Build.0 = Debug|Any CPU
		{772437C2-C72D-4F33-9727-312F8868C94D}.Debug|x86.ActiveCfg = Debug|Any CPU
		{772437C2-C72D-4F33-9727-312F8868C94D}.DebugQuick|Any CPU.ActiveCfg = Debug|Any CPU
		{772437C2-C72D-4F33-9727-312F8868C94D}.DebugQuick|Mixed Platforms.ActiveCfg = DebugQuick|Any CPU
		{772437C2-C72D-4F33-9727-312F8868C94D}.DebugQuick|x86.ActiveCfg = DebugQuick|Any CPU
		{772437C2-C72D-4F33-9727-312F8868C94D}.Release|Any CPU.ActiveCfg = Release|Any CPU
		{772437C2-C72D-4F33-9727-312F8868C94D}.Release|Any CPU.Build.0 = Release|Any CPU
		{772437C2-C72D-4F33-9727-312F8868C94D}.Release|Mixed Platforms.ActiveCfg = Release|Any CPU
		{772437C2-C72D-4F33-9727-312F8868C94D}.Release|Mixed Platforms.Build.0 = Release|Any CPU
		{772437C2-C72D-4F33-9727-312F8868C94D}.Release|x86.ActiveCfg = Release|Any CPU
		{540F0A45-F018-4489-8153-4504CA663CFE}.Debug|Any CPU.ActiveCfg = Debug|Any CPU
		{540F0A45-F018-4489-8153-4504CA663CFE}.Debug|Any CPU.Build.0 = Debug|Any CPU
		{540F0A45-F018-4489-8153-4504CA663CFE}.Debug|Mixed Platforms.ActiveCfg = Debug|Any CPU
		{540F0A45-F018-4489-8153-4504CA663CFE}.Debug|Mixed Platforms.Build.0 = Debug|Any CPU
		{540F0A45-F018-4489-8153-4504CA663CFE}.Debug|x86.ActiveCfg = Debug|Any CPU
		{540F0A45-F018-4489-8153-4504CA663CFE}.DebugQuick|Any CPU.ActiveCfg = Debug|Any CPU
		{540F0A45-F018-4489-8153-4504CA663CFE}.DebugQuick|Mixed Platforms.ActiveCfg = DebugQuick|Any CPU
		{540F0A45-F018-4489-8153-4504CA663CFE}.DebugQuick|x86.ActiveCfg = DebugQuick|Any CPU
		{540F0A45-F018-4489-8153-4504CA663CFE}.Release|Any CPU.ActiveCfg = Release|Any CPU
		{540F0A45-F018-4489-8153-4504CA663CFE}.Release|Any CPU.Build.0 = Release|Any CPU
		{540F0A45-F018-4489-8153-4504CA663CFE}.Release|Mixed Platforms.ActiveCfg = Release|Any CPU
		{540F0A45-F018-4489-8153-4504CA663CFE}.Release|Mixed Platforms.Build.0 = Release|Any CPU
		{540F0A45-F018-4489-8153-4504CA663CFE}.Release|x86.ActiveCfg = Release|Any CPU
		{EE073662-9DA7-4B2C-8877-893A044EB157}.Debug|Any CPU.ActiveCfg = Debug|Any CPU
		{EE073662-9DA7-4B2C-8877-893A044EB157}.Debug|Any CPU.Build.0 = Debug|Any CPU
		{EE073662-9DA7-4B2C-8877-893A044EB157}.Debug|Mixed Platforms.ActiveCfg = Debug|Any CPU
		{EE073662-9DA7-4B2C-8877-893A044EB157}.Debug|Mixed Platforms.Build.0 = Debug|Any CPU
		{EE073662-9DA7-4B2C-8877-893A044EB157}.Debug|x86.ActiveCfg = Debug|Any CPU
		{EE073662-9DA7-4B2C-8877-893A044EB157}.DebugQuick|Any CPU.ActiveCfg = Debug|Any CPU
		{EE073662-9DA7-4B2C-8877-893A044EB157}.DebugQuick|Mixed Platforms.ActiveCfg = DebugQuick|Any CPU
		{EE073662-9DA7-4B2C-8877-893A044EB157}.DebugQuick|x86.ActiveCfg = DebugQuick|Any CPU
		{EE073662-9DA7-4B2C-8877-893A044EB157}.Release|Any CPU.ActiveCfg = Release|Any CPU
		{EE073662-9DA7-4B2C-8877-893A044EB157}.Release|Any CPU.Build.0 = Release|Any CPU
		{EE073662-9DA7-4B2C-8877-893A044EB157}.Release|Mixed Platforms.ActiveCfg = Release|Any CPU
		{EE073662-9DA7-4B2C-8877-893A044EB157}.Release|Mixed Platforms.Build.0 = Release|Any CPU
		{EE073662-9DA7-4B2C-8877-893A044EB157}.Release|x86.ActiveCfg = Release|Any CPU
		{D8B336B9-0D12-4AA8-B6D2-536425C228E9}.Debug|Any CPU.ActiveCfg = Debug|Any CPU
		{D8B336B9-0D12-4AA8-B6D2-536425C228E9}.Debug|Any CPU.Build.0 = Debug|Any CPU
		{D8B336B9-0D12-4AA8-B6D2-536425C228E9}.Debug|Mixed Platforms.ActiveCfg = Debug|Any CPU
		{D8B336B9-0D12-4AA8-B6D2-536425C228E9}.Debug|Mixed Platforms.Build.0 = Debug|Any CPU
		{D8B336B9-0D12-4AA8-B6D2-536425C228E9}.Debug|x86.ActiveCfg = Debug|Any CPU
		{D8B336B9-0D12-4AA8-B6D2-536425C228E9}.DebugQuick|Any CPU.ActiveCfg = Debug|Any CPU
		{D8B336B9-0D12-4AA8-B6D2-536425C228E9}.DebugQuick|Mixed Platforms.ActiveCfg = DebugQuick|Any CPU
		{D8B336B9-0D12-4AA8-B6D2-536425C228E9}.DebugQuick|x86.ActiveCfg = DebugQuick|Any CPU
		{D8B336B9-0D12-4AA8-B6D2-536425C228E9}.Release|Any CPU.ActiveCfg = Release|Any CPU
		{D8B336B9-0D12-4AA8-B6D2-536425C228E9}.Release|Any CPU.Build.0 = Release|Any CPU
		{D8B336B9-0D12-4AA8-B6D2-536425C228E9}.Release|Mixed Platforms.ActiveCfg = Release|Any CPU
		{D8B336B9-0D12-4AA8-B6D2-536425C228E9}.Release|Mixed Platforms.Build.0 = Release|Any CPU
		{D8B336B9-0D12-4AA8-B6D2-536425C228E9}.Release|x86.ActiveCfg = Release|Any CPU
		{116FCA66-F690-41B3-86F5-B8BF7BBA2949}.Debug|Any CPU.ActiveCfg = Debug|Any CPU
		{116FCA66-F690-41B3-86F5-B8BF7BBA2949}.Debug|Any CPU.Build.0 = Debug|Any CPU
		{116FCA66-F690-41B3-86F5-B8BF7BBA2949}.Debug|Mixed Platforms.ActiveCfg = Debug|Any CPU
		{116FCA66-F690-41B3-86F5-B8BF7BBA2949}.Debug|Mixed Platforms.Build.0 = Debug|Any CPU
		{116FCA66-F690-41B3-86F5-B8BF7BBA2949}.Debug|x86.ActiveCfg = Debug|Any CPU
		{116FCA66-F690-41B3-86F5-B8BF7BBA2949}.DebugQuick|Any CPU.ActiveCfg = Debug|Any CPU
		{116FCA66-F690-41B3-86F5-B8BF7BBA2949}.DebugQuick|Mixed Platforms.ActiveCfg = DebugQuick|Any CPU
		{116FCA66-F690-41B3-86F5-B8BF7BBA2949}.DebugQuick|Mixed Platforms.Build.0 = DebugQuick|Any CPU
		{116FCA66-F690-41B3-86F5-B8BF7BBA2949}.DebugQuick|x86.ActiveCfg = DebugQuick|Any CPU
		{116FCA66-F690-41B3-86F5-B8BF7BBA2949}.Release|Any CPU.ActiveCfg = Release|Any CPU
		{116FCA66-F690-41B3-86F5-B8BF7BBA2949}.Release|Any CPU.Build.0 = Release|Any CPU
		{116FCA66-F690-41B3-86F5-B8BF7BBA2949}.Release|Mixed Platforms.ActiveCfg = Release|Any CPU
		{116FCA66-F690-41B3-86F5-B8BF7BBA2949}.Release|Mixed Platforms.Build.0 = Release|Any CPU
		{116FCA66-F690-41B3-86F5-B8BF7BBA2949}.Release|x86.ActiveCfg = Release|Any CPU
		{F01F55AC-5B2F-4877-B398-85FEE13E3EB5}.Debug|Any CPU.ActiveCfg = Debug|Any CPU
		{F01F55AC-5B2F-4877-B398-85FEE13E3EB5}.Debug|Any CPU.Build.0 = Debug|Any CPU
		{F01F55AC-5B2F-4877-B398-85FEE13E3EB5}.Debug|Mixed Platforms.ActiveCfg = Debug|Any CPU
		{F01F55AC-5B2F-4877-B398-85FEE13E3EB5}.Debug|Mixed Platforms.Build.0 = Debug|Any CPU
		{F01F55AC-5B2F-4877-B398-85FEE13E3EB5}.Debug|x86.ActiveCfg = Debug|Any CPU
		{F01F55AC-5B2F-4877-B398-85FEE13E3EB5}.DebugQuick|Any CPU.ActiveCfg = Debug|Any CPU
		{F01F55AC-5B2F-4877-B398-85FEE13E3EB5}.DebugQuick|Mixed Platforms.ActiveCfg = DebugQuick|Any CPU
		{F01F55AC-5B2F-4877-B398-85FEE13E3EB5}.DebugQuick|Mixed Platforms.Build.0 = DebugQuick|Any CPU
		{F01F55AC-5B2F-4877-B398-85FEE13E3EB5}.DebugQuick|x86.ActiveCfg = DebugQuick|Any CPU
		{F01F55AC-5B2F-4877-B398-85FEE13E3EB5}.Release|Any CPU.ActiveCfg = Release|Any CPU
		{F01F55AC-5B2F-4877-B398-85FEE13E3EB5}.Release|Any CPU.Build.0 = Release|Any CPU
		{F01F55AC-5B2F-4877-B398-85FEE13E3EB5}.Release|Mixed Platforms.ActiveCfg = Release|Any CPU
		{F01F55AC-5B2F-4877-B398-85FEE13E3EB5}.Release|Mixed Platforms.Build.0 = Release|Any CPU
		{F01F55AC-5B2F-4877-B398-85FEE13E3EB5}.Release|x86.ActiveCfg = Release|Any CPU
		{71949B2D-43DC-4465-8D6C-713539741B13}.Debug|Any CPU.ActiveCfg = Debug|Any CPU
		{71949B2D-43DC-4465-8D6C-713539741B13}.Debug|Any CPU.Build.0 = Debug|Any CPU
		{71949B2D-43DC-4465-8D6C-713539741B13}.Debug|Mixed Platforms.ActiveCfg = Debug|Any CPU
		{71949B2D-43DC-4465-8D6C-713539741B13}.Debug|Mixed Platforms.Build.0 = Debug|Any CPU
		{71949B2D-43DC-4465-8D6C-713539741B13}.Debug|x86.ActiveCfg = Debug|Any CPU
		{71949B2D-43DC-4465-8D6C-713539741B13}.DebugQuick|Any CPU.ActiveCfg = Debug|Any CPU
		{71949B2D-43DC-4465-8D6C-713539741B13}.DebugQuick|Mixed Platforms.ActiveCfg = DebugQuick|Any CPU
		{71949B2D-43DC-4465-8D6C-713539741B13}.DebugQuick|x86.ActiveCfg = DebugQuick|Any CPU
		{71949B2D-43DC-4465-8D6C-713539741B13}.Release|Any CPU.ActiveCfg = Release|Any CPU
		{71949B2D-43DC-4465-8D6C-713539741B13}.Release|Any CPU.Build.0 = Release|Any CPU
		{71949B2D-43DC-4465-8D6C-713539741B13}.Release|Mixed Platforms.ActiveCfg = Release|Any CPU
		{71949B2D-43DC-4465-8D6C-713539741B13}.Release|Mixed Platforms.Build.0 = Release|Any CPU
		{71949B2D-43DC-4465-8D6C-713539741B13}.Release|x86.ActiveCfg = Release|Any CPU
		{F80FCAF3-6A61-405B-859D-CF3AB8796DBC}.Debug|Any CPU.ActiveCfg = Debug|Any CPU
		{F80FCAF3-6A61-405B-859D-CF3AB8796DBC}.Debug|Any CPU.Build.0 = Debug|Any CPU
		{F80FCAF3-6A61-405B-859D-CF3AB8796DBC}.Debug|Mixed Platforms.ActiveCfg = Debug|Any CPU
		{F80FCAF3-6A61-405B-859D-CF3AB8796DBC}.Debug|Mixed Platforms.Build.0 = Debug|Any CPU
		{F80FCAF3-6A61-405B-859D-CF3AB8796DBC}.Debug|x86.ActiveCfg = Debug|Any CPU
		{F80FCAF3-6A61-405B-859D-CF3AB8796DBC}.DebugQuick|Any CPU.ActiveCfg = Debug|Any CPU
		{F80FCAF3-6A61-405B-859D-CF3AB8796DBC}.DebugQuick|Mixed Platforms.ActiveCfg = Debug|Any CPU
		{F80FCAF3-6A61-405B-859D-CF3AB8796DBC}.DebugQuick|x86.ActiveCfg = Debug|Any CPU
		{F80FCAF3-6A61-405B-859D-CF3AB8796DBC}.Release|Any CPU.ActiveCfg = Release|Any CPU
		{F80FCAF3-6A61-405B-859D-CF3AB8796DBC}.Release|Any CPU.Build.0 = Release|Any CPU
		{F80FCAF3-6A61-405B-859D-CF3AB8796DBC}.Release|Mixed Platforms.ActiveCfg = Release|Any CPU
		{F80FCAF3-6A61-405B-859D-CF3AB8796DBC}.Release|Mixed Platforms.Build.0 = Release|Any CPU
		{F80FCAF3-6A61-405B-859D-CF3AB8796DBC}.Release|x86.ActiveCfg = Release|Any CPU
		{ABF5DC33-24DB-426C-B18A-A09A4D1BF213}.Debug|Any CPU.ActiveCfg = Debug|Any CPU
		{ABF5DC33-24DB-426C-B18A-A09A4D1BF213}.Debug|Any CPU.Build.0 = Debug|Any CPU
		{ABF5DC33-24DB-426C-B18A-A09A4D1BF213}.Debug|Mixed Platforms.ActiveCfg = Debug|Any CPU
		{ABF5DC33-24DB-426C-B18A-A09A4D1BF213}.Debug|Mixed Platforms.Build.0 = Debug|Any CPU
		{ABF5DC33-24DB-426C-B18A-A09A4D1BF213}.Debug|x86.ActiveCfg = Debug|Any CPU
		{ABF5DC33-24DB-426C-B18A-A09A4D1BF213}.DebugQuick|Any CPU.ActiveCfg = Debug|Any CPU
		{ABF5DC33-24DB-426C-B18A-A09A4D1BF213}.DebugQuick|Mixed Platforms.ActiveCfg = DebugQuick|Any CPU
		{ABF5DC33-24DB-426C-B18A-A09A4D1BF213}.DebugQuick|Mixed Platforms.Build.0 = DebugQuick|Any CPU
		{ABF5DC33-24DB-426C-B18A-A09A4D1BF213}.DebugQuick|x86.ActiveCfg = DebugQuick|Any CPU
		{ABF5DC33-24DB-426C-B18A-A09A4D1BF213}.Release|Any CPU.ActiveCfg = Release|Any CPU
		{ABF5DC33-24DB-426C-B18A-A09A4D1BF213}.Release|Any CPU.Build.0 = Release|Any CPU
		{ABF5DC33-24DB-426C-B18A-A09A4D1BF213}.Release|Mixed Platforms.ActiveCfg = Release|Any CPU
		{ABF5DC33-24DB-426C-B18A-A09A4D1BF213}.Release|Mixed Platforms.Build.0 = Release|Any CPU
		{ABF5DC33-24DB-426C-B18A-A09A4D1BF213}.Release|x86.ActiveCfg = Release|Any CPU
		{F1C484BE-4B1D-465D-8761-E29DA430A53A}.Debug|Any CPU.ActiveCfg = Debug|Any CPU
		{F1C484BE-4B1D-465D-8761-E29DA430A53A}.Debug|Any CPU.Build.0 = Debug|Any CPU
		{F1C484BE-4B1D-465D-8761-E29DA430A53A}.Debug|Mixed Platforms.ActiveCfg = Debug|Any CPU
		{F1C484BE-4B1D-465D-8761-E29DA430A53A}.Debug|Mixed Platforms.Build.0 = Debug|Any CPU
		{F1C484BE-4B1D-465D-8761-E29DA430A53A}.Debug|x86.ActiveCfg = Debug|Any CPU
		{F1C484BE-4B1D-465D-8761-E29DA430A53A}.DebugQuick|Any CPU.ActiveCfg = Debug|Any CPU
		{F1C484BE-4B1D-465D-8761-E29DA430A53A}.DebugQuick|Mixed Platforms.ActiveCfg = Debug|Any CPU
		{F1C484BE-4B1D-465D-8761-E29DA430A53A}.DebugQuick|x86.ActiveCfg = Debug|Any CPU
		{F1C484BE-4B1D-465D-8761-E29DA430A53A}.Release|Any CPU.ActiveCfg = Release|Any CPU
		{F1C484BE-4B1D-465D-8761-E29DA430A53A}.Release|Any CPU.Build.0 = Release|Any CPU
		{F1C484BE-4B1D-465D-8761-E29DA430A53A}.Release|Mixed Platforms.ActiveCfg = Release|Any CPU
		{F1C484BE-4B1D-465D-8761-E29DA430A53A}.Release|Mixed Platforms.Build.0 = Release|Any CPU
		{F1C484BE-4B1D-465D-8761-E29DA430A53A}.Release|x86.ActiveCfg = Release|Any CPU
		{4DC88616-FFEC-4C5E-A3E6-37A3A1BAB1F1}.Debug|Any CPU.ActiveCfg = Debug|Any CPU
		{4DC88616-FFEC-4C5E-A3E6-37A3A1BAB1F1}.Debug|Any CPU.Build.0 = Debug|Any CPU
		{4DC88616-FFEC-4C5E-A3E6-37A3A1BAB1F1}.Debug|Mixed Platforms.ActiveCfg = Debug|Any CPU
		{4DC88616-FFEC-4C5E-A3E6-37A3A1BAB1F1}.Debug|Mixed Platforms.Build.0 = Debug|Any CPU
		{4DC88616-FFEC-4C5E-A3E6-37A3A1BAB1F1}.Debug|x86.ActiveCfg = Debug|Any CPU
		{4DC88616-FFEC-4C5E-A3E6-37A3A1BAB1F1}.DebugQuick|Any CPU.ActiveCfg = Debug|Any CPU
		{4DC88616-FFEC-4C5E-A3E6-37A3A1BAB1F1}.DebugQuick|Mixed Platforms.ActiveCfg = Debug|Any CPU
		{4DC88616-FFEC-4C5E-A3E6-37A3A1BAB1F1}.DebugQuick|x86.ActiveCfg = Debug|Any CPU
		{4DC88616-FFEC-4C5E-A3E6-37A3A1BAB1F1}.Release|Any CPU.ActiveCfg = Release|Any CPU
		{4DC88616-FFEC-4C5E-A3E6-37A3A1BAB1F1}.Release|Any CPU.Build.0 = Release|Any CPU
		{4DC88616-FFEC-4C5E-A3E6-37A3A1BAB1F1}.Release|Mixed Platforms.ActiveCfg = Release|Any CPU
		{4DC88616-FFEC-4C5E-A3E6-37A3A1BAB1F1}.Release|Mixed Platforms.Build.0 = Release|Any CPU
		{4DC88616-FFEC-4C5E-A3E6-37A3A1BAB1F1}.Release|x86.ActiveCfg = Release|Any CPU
		{E30B29D9-EB5B-44A5-97F6-7B891190EE87}.Debug|Any CPU.ActiveCfg = Debug|Any CPU
		{E30B29D9-EB5B-44A5-97F6-7B891190EE87}.Debug|Any CPU.Build.0 = Debug|Any CPU
		{E30B29D9-EB5B-44A5-97F6-7B891190EE87}.Debug|Mixed Platforms.ActiveCfg = Debug|Any CPU
		{E30B29D9-EB5B-44A5-97F6-7B891190EE87}.Debug|Mixed Platforms.Build.0 = Debug|Any CPU
		{E30B29D9-EB5B-44A5-97F6-7B891190EE87}.Debug|x86.ActiveCfg = Debug|Any CPU
		{E30B29D9-EB5B-44A5-97F6-7B891190EE87}.DebugQuick|Any CPU.ActiveCfg = Debug|Any CPU
		{E30B29D9-EB5B-44A5-97F6-7B891190EE87}.DebugQuick|Mixed Platforms.ActiveCfg = Debug|Any CPU
		{E30B29D9-EB5B-44A5-97F6-7B891190EE87}.DebugQuick|x86.ActiveCfg = Debug|Any CPU
		{E30B29D9-EB5B-44A5-97F6-7B891190EE87}.Release|Any CPU.ActiveCfg = Release|Any CPU
		{E30B29D9-EB5B-44A5-97F6-7B891190EE87}.Release|Any CPU.Build.0 = Release|Any CPU
		{E30B29D9-EB5B-44A5-97F6-7B891190EE87}.Release|Mixed Platforms.ActiveCfg = Release|Any CPU
		{E30B29D9-EB5B-44A5-97F6-7B891190EE87}.Release|Mixed Platforms.Build.0 = Release|Any CPU
		{E30B29D9-EB5B-44A5-97F6-7B891190EE87}.Release|x86.ActiveCfg = Release|Any CPU
		{7FB5EA84-B7FE-41A4-9D85-AE871FA166AB}.Debug|Any CPU.ActiveCfg = Debug|Any CPU
		{7FB5EA84-B7FE-41A4-9D85-AE871FA166AB}.Debug|Any CPU.Build.0 = Debug|Any CPU
		{7FB5EA84-B7FE-41A4-9D85-AE871FA166AB}.Debug|Mixed Platforms.ActiveCfg = Debug|Any CPU
		{7FB5EA84-B7FE-41A4-9D85-AE871FA166AB}.Debug|Mixed Platforms.Build.0 = Debug|Any CPU
		{7FB5EA84-B7FE-41A4-9D85-AE871FA166AB}.Debug|x86.ActiveCfg = Debug|Any CPU
		{7FB5EA84-B7FE-41A4-9D85-AE871FA166AB}.DebugQuick|Any CPU.ActiveCfg = Debug|Any CPU
		{7FB5EA84-B7FE-41A4-9D85-AE871FA166AB}.DebugQuick|Mixed Platforms.ActiveCfg = Debug|Any CPU
		{7FB5EA84-B7FE-41A4-9D85-AE871FA166AB}.DebugQuick|x86.ActiveCfg = Debug|Any CPU
		{7FB5EA84-B7FE-41A4-9D85-AE871FA166AB}.Release|Any CPU.ActiveCfg = Release|Any CPU
		{7FB5EA84-B7FE-41A4-9D85-AE871FA166AB}.Release|Any CPU.Build.0 = Release|Any CPU
		{7FB5EA84-B7FE-41A4-9D85-AE871FA166AB}.Release|Mixed Platforms.ActiveCfg = Release|Any CPU
		{7FB5EA84-B7FE-41A4-9D85-AE871FA166AB}.Release|Mixed Platforms.Build.0 = Release|Any CPU
		{7FB5EA84-B7FE-41A4-9D85-AE871FA166AB}.Release|x86.ActiveCfg = Release|Any CPU
		{A69CE30D-D988-4DEF-99D0-A0B0F18FC99C}.Debug|Any CPU.ActiveCfg = Debug|Any CPU
		{A69CE30D-D988-4DEF-99D0-A0B0F18FC99C}.Debug|Any CPU.Build.0 = Debug|Any CPU
		{A69CE30D-D988-4DEF-99D0-A0B0F18FC99C}.Debug|Mixed Platforms.ActiveCfg = Debug|Any CPU
		{A69CE30D-D988-4DEF-99D0-A0B0F18FC99C}.Debug|Mixed Platforms.Build.0 = Debug|Any CPU
		{A69CE30D-D988-4DEF-99D0-A0B0F18FC99C}.Debug|x86.ActiveCfg = Debug|Any CPU
		{A69CE30D-D988-4DEF-99D0-A0B0F18FC99C}.DebugQuick|Any CPU.ActiveCfg = Debug|Any CPU
		{A69CE30D-D988-4DEF-99D0-A0B0F18FC99C}.DebugQuick|Mixed Platforms.ActiveCfg = DebugQuick|Any CPU
		{A69CE30D-D988-4DEF-99D0-A0B0F18FC99C}.DebugQuick|x86.ActiveCfg = DebugQuick|Any CPU
		{A69CE30D-D988-4DEF-99D0-A0B0F18FC99C}.Release|Any CPU.ActiveCfg = Release|Any CPU
		{A69CE30D-D988-4DEF-99D0-A0B0F18FC99C}.Release|Any CPU.Build.0 = Release|Any CPU
		{A69CE30D-D988-4DEF-99D0-A0B0F18FC99C}.Release|Mixed Platforms.ActiveCfg = Release|Any CPU
		{A69CE30D-D988-4DEF-99D0-A0B0F18FC99C}.Release|Mixed Platforms.Build.0 = Release|Any CPU
		{A69CE30D-D988-4DEF-99D0-A0B0F18FC99C}.Release|x86.ActiveCfg = Release|Any CPU
		{7FC30B76-8E4D-448B-B6E2-7EE0BE4D278C}.Debug|Any CPU.ActiveCfg = Debug|Any CPU
		{7FC30B76-8E4D-448B-B6E2-7EE0BE4D278C}.Debug|Any CPU.Build.0 = Debug|Any CPU
		{7FC30B76-8E4D-448B-B6E2-7EE0BE4D278C}.Debug|Mixed Platforms.ActiveCfg = Debug|Any CPU
		{7FC30B76-8E4D-448B-B6E2-7EE0BE4D278C}.Debug|Mixed Platforms.Build.0 = Debug|Any CPU
		{7FC30B76-8E4D-448B-B6E2-7EE0BE4D278C}.Debug|x86.ActiveCfg = Debug|Any CPU
		{7FC30B76-8E4D-448B-B6E2-7EE0BE4D278C}.DebugQuick|Any CPU.ActiveCfg = Debug|Any CPU
		{7FC30B76-8E4D-448B-B6E2-7EE0BE4D278C}.DebugQuick|Any CPU.Build.0 = Debug|Any CPU
		{7FC30B76-8E4D-448B-B6E2-7EE0BE4D278C}.DebugQuick|Mixed Platforms.ActiveCfg = Debug|Any CPU
		{7FC30B76-8E4D-448B-B6E2-7EE0BE4D278C}.DebugQuick|x86.ActiveCfg = Debug|Any CPU
		{7FC30B76-8E4D-448B-B6E2-7EE0BE4D278C}.Release|Any CPU.ActiveCfg = Release|Any CPU
		{7FC30B76-8E4D-448B-B6E2-7EE0BE4D278C}.Release|Any CPU.Build.0 = Release|Any CPU
		{7FC30B76-8E4D-448B-B6E2-7EE0BE4D278C}.Release|Mixed Platforms.ActiveCfg = Release|Any CPU
		{7FC30B76-8E4D-448B-B6E2-7EE0BE4D278C}.Release|Mixed Platforms.Build.0 = Release|Any CPU
		{7FC30B76-8E4D-448B-B6E2-7EE0BE4D278C}.Release|x86.ActiveCfg = Release|Any CPU
		{B8B39B55-B1CD-4C1F-A768-C73CE1F3EA08}.Debug|Any CPU.ActiveCfg = Debug|Any CPU
		{B8B39B55-B1CD-4C1F-A768-C73CE1F3EA08}.Debug|Any CPU.Build.0 = Debug|Any CPU
		{B8B39B55-B1CD-4C1F-A768-C73CE1F3EA08}.Debug|Mixed Platforms.ActiveCfg = Debug|Any CPU
		{B8B39B55-B1CD-4C1F-A768-C73CE1F3EA08}.Debug|Mixed Platforms.Build.0 = Debug|Any CPU
		{B8B39B55-B1CD-4C1F-A768-C73CE1F3EA08}.Debug|x86.ActiveCfg = Debug|Any CPU
		{B8B39B55-B1CD-4C1F-A768-C73CE1F3EA08}.DebugQuick|Any CPU.ActiveCfg = Debug|Any CPU
		{B8B39B55-B1CD-4C1F-A768-C73CE1F3EA08}.DebugQuick|Any CPU.Build.0 = Debug|Any CPU
		{B8B39B55-B1CD-4C1F-A768-C73CE1F3EA08}.DebugQuick|Mixed Platforms.ActiveCfg = Debug|Any CPU
		{B8B39B55-B1CD-4C1F-A768-C73CE1F3EA08}.DebugQuick|x86.ActiveCfg = Debug|Any CPU
		{B8B39B55-B1CD-4C1F-A768-C73CE1F3EA08}.Release|Any CPU.ActiveCfg = Release|Any CPU
		{B8B39B55-B1CD-4C1F-A768-C73CE1F3EA08}.Release|Any CPU.Build.0 = Release|Any CPU
		{B8B39B55-B1CD-4C1F-A768-C73CE1F3EA08}.Release|Mixed Platforms.ActiveCfg = Release|Any CPU
		{B8B39B55-B1CD-4C1F-A768-C73CE1F3EA08}.Release|Mixed Platforms.Build.0 = Release|Any CPU
		{B8B39B55-B1CD-4C1F-A768-C73CE1F3EA08}.Release|x86.ActiveCfg = Release|Any CPU
		{E55D68AD-FA2E-490A-AC49-E58C369A0D4D}.Debug|Any CPU.ActiveCfg = Debug|x86
		{E55D68AD-FA2E-490A-AC49-E58C369A0D4D}.Debug|Mixed Platforms.ActiveCfg = Debug|x86
		{E55D68AD-FA2E-490A-AC49-E58C369A0D4D}.Debug|Mixed Platforms.Build.0 = Debug|x86
		{E55D68AD-FA2E-490A-AC49-E58C369A0D4D}.Debug|x86.ActiveCfg = Debug|x86
		{E55D68AD-FA2E-490A-AC49-E58C369A0D4D}.Debug|x86.Build.0 = Debug|x86
		{E55D68AD-FA2E-490A-AC49-E58C369A0D4D}.DebugQuick|Any CPU.ActiveCfg = Debug|x86
		{E55D68AD-FA2E-490A-AC49-E58C369A0D4D}.DebugQuick|Mixed Platforms.ActiveCfg = Debug|x86
		{E55D68AD-FA2E-490A-AC49-E58C369A0D4D}.DebugQuick|Mixed Platforms.Build.0 = Debug|x86
		{E55D68AD-FA2E-490A-AC49-E58C369A0D4D}.DebugQuick|x86.ActiveCfg = Debug|x86
		{E55D68AD-FA2E-490A-AC49-E58C369A0D4D}.DebugQuick|x86.Build.0 = Debug|x86
		{E55D68AD-FA2E-490A-AC49-E58C369A0D4D}.Release|Any CPU.ActiveCfg = Release|x86
		{E55D68AD-FA2E-490A-AC49-E58C369A0D4D}.Release|Mixed Platforms.ActiveCfg = Release|x86
		{E55D68AD-FA2E-490A-AC49-E58C369A0D4D}.Release|Mixed Platforms.Build.0 = Release|x86
		{E55D68AD-FA2E-490A-AC49-E58C369A0D4D}.Release|x86.ActiveCfg = Release|x86
		{E55D68AD-FA2E-490A-AC49-E58C369A0D4D}.Release|x86.Build.0 = Release|x86
		{32D4DC60-D382-415A-B8C1-EA11A66FDC10}.Debug|Any CPU.ActiveCfg = Debug|Any CPU
		{32D4DC60-D382-415A-B8C1-EA11A66FDC10}.Debug|Any CPU.Build.0 = Debug|Any CPU
		{32D4DC60-D382-415A-B8C1-EA11A66FDC10}.Debug|Mixed Platforms.ActiveCfg = Debug|Any CPU
		{32D4DC60-D382-415A-B8C1-EA11A66FDC10}.Debug|Mixed Platforms.Build.0 = Debug|Any CPU
		{32D4DC60-D382-415A-B8C1-EA11A66FDC10}.Debug|x86.ActiveCfg = Debug|Any CPU
		{32D4DC60-D382-415A-B8C1-EA11A66FDC10}.Debug|x86.Build.0 = Debug|Any CPU
		{32D4DC60-D382-415A-B8C1-EA11A66FDC10}.DebugQuick|Any CPU.ActiveCfg = Debug|Any CPU
		{32D4DC60-D382-415A-B8C1-EA11A66FDC10}.DebugQuick|Any CPU.Build.0 = Debug|Any CPU
		{32D4DC60-D382-415A-B8C1-EA11A66FDC10}.DebugQuick|Mixed Platforms.ActiveCfg = Debug|Any CPU
		{32D4DC60-D382-415A-B8C1-EA11A66FDC10}.DebugQuick|Mixed Platforms.Build.0 = Debug|Any CPU
		{32D4DC60-D382-415A-B8C1-EA11A66FDC10}.DebugQuick|x86.ActiveCfg = Debug|Any CPU
		{32D4DC60-D382-415A-B8C1-EA11A66FDC10}.DebugQuick|x86.Build.0 = Debug|Any CPU
		{32D4DC60-D382-415A-B8C1-EA11A66FDC10}.Release|Any CPU.ActiveCfg = Release|Any CPU
		{32D4DC60-D382-415A-B8C1-EA11A66FDC10}.Release|Any CPU.Build.0 = Release|Any CPU
		{32D4DC60-D382-415A-B8C1-EA11A66FDC10}.Release|Mixed Platforms.ActiveCfg = Release|Any CPU
		{32D4DC60-D382-415A-B8C1-EA11A66FDC10}.Release|Mixed Platforms.Build.0 = Release|Any CPU
		{32D4DC60-D382-415A-B8C1-EA11A66FDC10}.Release|x86.ActiveCfg = Release|Any CPU
		{32D4DC60-D382-415A-B8C1-EA11A66FDC10}.Release|x86.Build.0 = Release|Any CPU
		{61521148-EA24-447A-AF13-CA9D7BD3D722}.Debug|Any CPU.ActiveCfg = Debug|Any CPU
		{61521148-EA24-447A-AF13-CA9D7BD3D722}.Debug|Any CPU.Build.0 = Debug|Any CPU
		{61521148-EA24-447A-AF13-CA9D7BD3D722}.Debug|Mixed Platforms.ActiveCfg = Debug|Any CPU
		{61521148-EA24-447A-AF13-CA9D7BD3D722}.Debug|Mixed Platforms.Build.0 = Debug|Any CPU
		{61521148-EA24-447A-AF13-CA9D7BD3D722}.Debug|x86.ActiveCfg = Debug|Any CPU
		{61521148-EA24-447A-AF13-CA9D7BD3D722}.DebugQuick|Any CPU.ActiveCfg = Debug|Any CPU
		{61521148-EA24-447A-AF13-CA9D7BD3D722}.DebugQuick|Any CPU.Build.0 = Debug|Any CPU
		{61521148-EA24-447A-AF13-CA9D7BD3D722}.DebugQuick|Mixed Platforms.ActiveCfg = Debug|Any CPU
		{61521148-EA24-447A-AF13-CA9D7BD3D722}.DebugQuick|Mixed Platforms.Build.0 = Debug|Any CPU
		{61521148-EA24-447A-AF13-CA9D7BD3D722}.DebugQuick|x86.ActiveCfg = Debug|Any CPU
		{61521148-EA24-447A-AF13-CA9D7BD3D722}.Release|Any CPU.ActiveCfg = Release|Any CPU
		{61521148-EA24-447A-AF13-CA9D7BD3D722}.Release|Any CPU.Build.0 = Release|Any CPU
		{61521148-EA24-447A-AF13-CA9D7BD3D722}.Release|Mixed Platforms.ActiveCfg = Release|Any CPU
		{61521148-EA24-447A-AF13-CA9D7BD3D722}.Release|Mixed Platforms.Build.0 = Release|Any CPU
		{61521148-EA24-447A-AF13-CA9D7BD3D722}.Release|x86.ActiveCfg = Release|Any CPU
	EndGlobalSection
	GlobalSection(SolutionProperties) = preSolution
		HideSolutionNode = FALSE
	EndGlobalSection
EndGlobal
