
Microsoft Visual Studio Solution File, Format Version 11.00
# Visual Studio 2010
Project("{F184B08F-C81C-45F6-A57F-5ABD9991F28F}") = "Services", "Services.vbproj", "{F19383BF-CD5E-4431-A35D-FD09FE100D89}"
	ProjectSection(ProjectDependencies) = postProject
		{B10B1992-6D06-42B3-97C6-18CBB9D0725A} = {B10B1992-6D06-42B3-97C6-18CBB9D0725A}
	EndProjectSection
EndProject
Project("{F184B08F-C81C-45F6-A57F-5ABD9991F28F}") = "Base", "..\..\..\Work\ErpBase\Base.vbproj", "{B10B1992-6D06-42B3-97C6-18CBB9D0725A}"
EndProject
Project("{FAE04EC0-301F-11D3-BF4B-00C04F79EFBC}") = "ErpBaseMvc", "..\..\..\work\ErpBase\ErpBaseMvc\ErpBaseMvc.csproj", "{C97E0F34-A91A-4F38-B792-73C4FC680A29}"
EndProject
Project("{FAE04EC0-301F-11D3-BF4B-00C04F79EFBC}") = "GeneralTools", "..\..\..\Work\Tools\GeneralTools\GeneralTools.csproj", "{A4F36243-8D89-460F-ACB3-EF7DF37D6FCA}"
EndProject
Project("{FAE04EC0-301F-11D3-BF4B-00C04F79EFBC}") = "CkgImportLocalizationResourcesFromDb", "..\..\..\Work\CkgDomainLogic\CkgImportLocalizationResourcesFromDb\CkgImportLocalizationResourcesFromDb\CkgImportLocalizationResourcesFromDb.csproj", "{0E81B67B-1814-45CA-8601-18EE140D12A6}"
EndProject
Project("{FAE04EC0-301F-11D3-BF4B-00C04F79EFBC}") = "CkgDomainLogic", "..\..\..\Work\CkgDomainLogic\Lib\CkgDomainLogic.csproj", "{D8B336B9-0D12-4AA8-B6D2-536425C228E9}"
	ProjectSection(ProjectDependencies) = postProject
		{0E81B67B-1814-45CA-8601-18EE140D12A6} = {0E81B67B-1814-45CA-8601-18EE140D12A6}
	EndProjectSection
EndProject
Project("{F184B08F-C81C-45F6-A57F-5ABD9991F28F}") = "AppArval", "Applications\AppArval\AppArval.vbproj", "{D482B441-8155-4D3A-854A-77B3EBECAADC}"
EndProject
Project("{FAE04EC0-301F-11D3-BF4B-00C04F79EFBC}") = "appCheckServices", "Applications\appCheckServices\appCheckServices.csproj", "{A5E84860-2CDC-4DB7-96CC-A1759D11A5C3}"
EndProject
Project("{F184B08F-C81C-45F6-A57F-5ABD9991F28F}") = "AppF2", "Applications\AppF2\AppF2.vbproj", "{9E3915D2-28B4-43C5-8A49-CEA235C03483}"
EndProject
Project("{F184B08F-C81C-45F6-A57F-5ABD9991F28F}") = "AppInsurance", "Applications\AppInsurance\AppInsurance.vbproj", "{62AFE2BF-026E-4FB1-97EB-5C27313EDE1E}"
EndProject
Project("{FAE04EC0-301F-11D3-BF4B-00C04F79EFBC}") = "AppMBB", "Applications\AppMBB\AppMBB.csproj", "{F2E0E1E1-E508-4721-BCDE-D69CC34EA87B}"
EndProject
Project("{FAE04EC0-301F-11D3-BF4B-00C04F79EFBC}") = "AppRemarketing", "Applications\AppRemarketing\AppRemarketing.csproj", "{B11574D0-B884-4C7C-8F57-AFDF1F6A37F1}"
EndProject
Project("{F184B08F-C81C-45F6-A57F-5ABD9991F28F}") = "AppServicesCarRent", "Applications\AppServicesCarRent\AppServicesCarRent.vbproj", "{E9A2ECEA-469C-40C9-B613-07102D15E677}"
EndProject
Project("{FAE04EC0-301F-11D3-BF4B-00C04F79EFBC}") = "Leasing", "Applications\Leasing\Leasing.csproj", "{C54E6C19-DFC8-475B-AA32-D059131F296D}"
EndProject
Project("{F184B08F-C81C-45F6-A57F-5ABD9991F28F}") = "ComArchiv", "Components\ComArchiv\ComArchiv.vbproj", "{7F0D5B47-1D77-420F-8934-9F4059EB67A8}"
EndProject
Project("{F184B08F-C81C-45F6-A57F-5ABD9991F28F}") = "ComCommon", "Components\ComCommon\ComCommon.vbproj", "{6D91F05F-6756-4BB0-8AE7-E730641607F9}"
EndProject
Project("{FAE04EC0-301F-11D3-BF4B-00C04F79EFBC}") = "Controls", "Components\Controls\Controls.csproj", "{F377F0B3-D869-42B1-A2B5-DBC7BF3DE613}"
EndProject
Project("{FAE04EC0-301F-11D3-BF4B-00C04F79EFBC}") = "Receiver", "Components\eIDConnector\Receiver\Receiver.csproj", "{85266099-123F-45F0-A985-46522DABF81E}"
EndProject
Project("{F184B08F-C81C-45F6-A57F-5ABD9991F28F}") = "Logistik", "Components\Logistik\Logistik.vbproj", "{7A0F9030-5024-42CE-8077-C4E6BEB19F62}"
EndProject
Project("{FAE04EC0-301F-11D3-BF4B-00C04F79EFBC}") = "Zulassung", "Components\Zulassung\Zulassung.csproj", "{F591D441-F0A6-48E8-9B13-4A3E3147385F}"
EndProject
Project("{F184B08F-C81C-45F6-A57F-5ABD9991F28F}") = "Admin", "Admin\Admin.vbproj", "{E8DB9247-7356-4A45-B3D0-7B8E324C497C}"
EndProject
Project("{FAE04EC0-301F-11D3-BF4B-00C04F79EFBC}") = "Vermieter", "Applications\Vermieter\Vermieter.csproj", "{97771EA1-ADF9-4346-B1D7-A27A0A261FFB}"
EndProject
Project("{FAE04EC0-301F-11D3-BF4B-00C04F79EFBC}") = "Upload_Validator", "Components\ComCommon\Upload_Validator\Upload_Validator\Upload_Validator.csproj", "{38AFBF90-7FD9-4627-903C-ABF0F0C9865F}"
EndProject
Project("{FAE04EC0-301F-11D3-BF4B-00C04F79EFBC}") = "DAT_BankenLinie_Connector", "Components\ComCommon\DAT_BankenLinie_Connector\DAT_BankenLinie_Connector\DAT_BankenLinie_Connector.csproj", "{695BD928-0E33-498F-B2B5-FC7C010E748F}"
EndProject
Project("{F184B08F-C81C-45F6-A57F-5ABD9991F28F}") = "Beauftragung2", "Components\ComCommon\Beauftragung2\Beauftragung2.vbproj", "{A1EDFCE5-89A2-4F2A-B948-96278F8BC363}"
EndProject
Global
	GlobalSection(SolutionConfigurationPlatforms) = preSolution
		Debug|Any CPU = Debug|Any CPU
		Debug|Mixed Platforms = Debug|Mixed Platforms
		Debug|x86 = Debug|x86
		DebugQuick|Any CPU = DebugQuick|Any CPU
		DebugQuick|Mixed Platforms = DebugQuick|Mixed Platforms
		DebugQuick|x86 = DebugQuick|x86
		Release|Any CPU = Release|Any CPU
		Release|Mixed Platforms = Release|Mixed Platforms
		Release|x86 = Release|x86
	EndGlobalSection
	GlobalSection(ProjectConfigurationPlatforms) = postSolution
		{F19383BF-CD5E-4431-A35D-FD09FE100D89}.Debug|Any CPU.ActiveCfg = Debug|Any CPU
		{F19383BF-CD5E-4431-A35D-FD09FE100D89}.Debug|Any CPU.Build.0 = Debug|Any CPU
		{F19383BF-CD5E-4431-A35D-FD09FE100D89}.Debug|Mixed Platforms.ActiveCfg = Debug|Any CPU
		{F19383BF-CD5E-4431-A35D-FD09FE100D89}.Debug|Mixed Platforms.Build.0 = Debug|Any CPU
		{F19383BF-CD5E-4431-A35D-FD09FE100D89}.Debug|x86.ActiveCfg = Debug|Any CPU
		{F19383BF-CD5E-4431-A35D-FD09FE100D89}.DebugQuick|Any CPU.ActiveCfg = Debug|Any CPU
		{F19383BF-CD5E-4431-A35D-FD09FE100D89}.DebugQuick|Any CPU.Build.0 = Debug|Any CPU
		{F19383BF-CD5E-4431-A35D-FD09FE100D89}.DebugQuick|Mixed Platforms.ActiveCfg = Debug|Any CPU
		{F19383BF-CD5E-4431-A35D-FD09FE100D89}.DebugQuick|Mixed Platforms.Build.0 = Debug|Any CPU
		{F19383BF-CD5E-4431-A35D-FD09FE100D89}.DebugQuick|x86.ActiveCfg = Debug|Any CPU
		{F19383BF-CD5E-4431-A35D-FD09FE100D89}.Release|Any CPU.ActiveCfg = Debug|Any CPU
		{F19383BF-CD5E-4431-A35D-FD09FE100D89}.Release|Any CPU.Build.0 = Debug|Any CPU
		{F19383BF-CD5E-4431-A35D-FD09FE100D89}.Release|Mixed Platforms.ActiveCfg = Release|Any CPU
		{F19383BF-CD5E-4431-A35D-FD09FE100D89}.Release|Mixed Platforms.Build.0 = Release|Any CPU
		{F19383BF-CD5E-4431-A35D-FD09FE100D89}.Release|x86.ActiveCfg = Release|Any CPU
		{B10B1992-6D06-42B3-97C6-18CBB9D0725A}.Debug|Any CPU.ActiveCfg = Debug|Any CPU
		{B10B1992-6D06-42B3-97C6-18CBB9D0725A}.Debug|Any CPU.Build.0 = Debug|Any CPU
		{B10B1992-6D06-42B3-97C6-18CBB9D0725A}.Debug|Mixed Platforms.ActiveCfg = Debug|Any CPU
		{B10B1992-6D06-42B3-97C6-18CBB9D0725A}.Debug|Mixed Platforms.Build.0 = Debug|Any CPU
		{B10B1992-6D06-42B3-97C6-18CBB9D0725A}.Debug|x86.ActiveCfg = Debug|Any CPU
		{B10B1992-6D06-42B3-97C6-18CBB9D0725A}.DebugQuick|Any CPU.ActiveCfg = Debug|Any CPU
		{B10B1992-6D06-42B3-97C6-18CBB9D0725A}.DebugQuick|Any CPU.Build.0 = Debug|Any CPU
		{B10B1992-6D06-42B3-97C6-18CBB9D0725A}.DebugQuick|Mixed Platforms.ActiveCfg = Debug|Any CPU
		{B10B1992-6D06-42B3-97C6-18CBB9D0725A}.DebugQuick|Mixed Platforms.Build.0 = Debug|Any CPU
		{B10B1992-6D06-42B3-97C6-18CBB9D0725A}.DebugQuick|x86.ActiveCfg = Debug|Any CPU
		{B10B1992-6D06-42B3-97C6-18CBB9D0725A}.Release|Any CPU.ActiveCfg = Debug|Any CPU
		{B10B1992-6D06-42B3-97C6-18CBB9D0725A}.Release|Any CPU.Build.0 = Debug|Any CPU
		{B10B1992-6D06-42B3-97C6-18CBB9D0725A}.Release|Mixed Platforms.ActiveCfg = Release|Any CPU
		{B10B1992-6D06-42B3-97C6-18CBB9D0725A}.Release|Mixed Platforms.Build.0 = Release|Any CPU
		{B10B1992-6D06-42B3-97C6-18CBB9D0725A}.Release|x86.ActiveCfg = Release|Any CPU
		{C97E0F34-A91A-4F38-B792-73C4FC680A29}.Debug|Any CPU.ActiveCfg = Debug|Any CPU
		{C97E0F34-A91A-4F38-B792-73C4FC680A29}.Debug|Any CPU.Build.0 = Debug|Any CPU
		{C97E0F34-A91A-4F38-B792-73C4FC680A29}.Debug|Mixed Platforms.ActiveCfg = Debug|Any CPU
		{C97E0F34-A91A-4F38-B792-73C4FC680A29}.Debug|Mixed Platforms.Build.0 = Debug|Any CPU
		{C97E0F34-A91A-4F38-B792-73C4FC680A29}.Debug|x86.ActiveCfg = Debug|Any CPU
		{C97E0F34-A91A-4F38-B792-73C4FC680A29}.DebugQuick|Any CPU.ActiveCfg = Debug|Any CPU
		{C97E0F34-A91A-4F38-B792-73C4FC680A29}.DebugQuick|Any CPU.Build.0 = Debug|Any CPU
		{C97E0F34-A91A-4F38-B792-73C4FC680A29}.DebugQuick|Mixed Platforms.ActiveCfg = Debug|Any CPU
		{C97E0F34-A91A-4F38-B792-73C4FC680A29}.DebugQuick|Mixed Platforms.Build.0 = Debug|Any CPU
		{C97E0F34-A91A-4F38-B792-73C4FC680A29}.DebugQuick|x86.ActiveCfg = Debug|Any CPU
		{C97E0F34-A91A-4F38-B792-73C4FC680A29}.Release|Any CPU.ActiveCfg = Debug|Any CPU
		{C97E0F34-A91A-4F38-B792-73C4FC680A29}.Release|Any CPU.Build.0 = Debug|Any CPU
		{C97E0F34-A91A-4F38-B792-73C4FC680A29}.Release|Mixed Platforms.ActiveCfg = Release|Any CPU
		{C97E0F34-A91A-4F38-B792-73C4FC680A29}.Release|Mixed Platforms.Build.0 = Release|Any CPU
		{C97E0F34-A91A-4F38-B792-73C4FC680A29}.Release|x86.ActiveCfg = Release|Any CPU
		{A4F36243-8D89-460F-ACB3-EF7DF37D6FCA}.Debug|Any CPU.ActiveCfg = Debug|Any CPU
		{A4F36243-8D89-460F-ACB3-EF7DF37D6FCA}.Debug|Any CPU.Build.0 = Debug|Any CPU
		{A4F36243-8D89-460F-ACB3-EF7DF37D6FCA}.Debug|Mixed Platforms.ActiveCfg = Debug|Any CPU
		{A4F36243-8D89-460F-ACB3-EF7DF37D6FCA}.Debug|Mixed Platforms.Build.0 = Debug|Any CPU
		{A4F36243-8D89-460F-ACB3-EF7DF37D6FCA}.Debug|x86.ActiveCfg = Debug|Any CPU
		{A4F36243-8D89-460F-ACB3-EF7DF37D6FCA}.DebugQuick|Any CPU.ActiveCfg = DebugQuick|Any CPU
		{A4F36243-8D89-460F-ACB3-EF7DF37D6FCA}.DebugQuick|Any CPU.Build.0 = DebugQuick|Any CPU
		{A4F36243-8D89-460F-ACB3-EF7DF37D6FCA}.DebugQuick|Mixed Platforms.ActiveCfg = DebugQuick|Any CPU
		{A4F36243-8D89-460F-ACB3-EF7DF37D6FCA}.DebugQuick|Mixed Platforms.Build.0 = DebugQuick|Any CPU
		{A4F36243-8D89-460F-ACB3-EF7DF37D6FCA}.DebugQuick|x86.ActiveCfg = DebugQuick|Any CPU
		{A4F36243-8D89-460F-ACB3-EF7DF37D6FCA}.Release|Any CPU.ActiveCfg = Release|Any CPU
		{A4F36243-8D89-460F-ACB3-EF7DF37D6FCA}.Release|Any CPU.Build.0 = Release|Any CPU
		{A4F36243-8D89-460F-ACB3-EF7DF37D6FCA}.Release|Mixed Platforms.ActiveCfg = Release|Any CPU
		{A4F36243-8D89-460F-ACB3-EF7DF37D6FCA}.Release|Mixed Platforms.Build.0 = Release|Any CPU
		{A4F36243-8D89-460F-ACB3-EF7DF37D6FCA}.Release|x86.ActiveCfg = Release|Any CPU
		{0E81B67B-1814-45CA-8601-18EE140D12A6}.Debug|Any CPU.ActiveCfg = Debug|x86
		{0E81B67B-1814-45CA-8601-18EE140D12A6}.Debug|Mixed Platforms.ActiveCfg = Debug|x86
		{0E81B67B-1814-45CA-8601-18EE140D12A6}.Debug|Mixed Platforms.Build.0 = Debug|x86
		{0E81B67B-1814-45CA-8601-18EE140D12A6}.Debug|x86.ActiveCfg = Debug|x86
		{0E81B67B-1814-45CA-8601-18EE140D12A6}.Debug|x86.Build.0 = Debug|x86
		{0E81B67B-1814-45CA-8601-18EE140D12A6}.DebugQuick|Any CPU.ActiveCfg = Debug|x86
		{0E81B67B-1814-45CA-8601-18EE140D12A6}.DebugQuick|Mixed Platforms.ActiveCfg = Debug|x86
		{0E81B67B-1814-45CA-8601-18EE140D12A6}.DebugQuick|Mixed Platforms.Build.0 = Debug|x86
		{0E81B67B-1814-45CA-8601-18EE140D12A6}.DebugQuick|x86.ActiveCfg = Debug|x86
		{0E81B67B-1814-45CA-8601-18EE140D12A6}.DebugQuick|x86.Build.0 = Debug|x86
		{0E81B67B-1814-45CA-8601-18EE140D12A6}.Release|Any CPU.ActiveCfg = Release|x86
		{0E81B67B-1814-45CA-8601-18EE140D12A6}.Release|Mixed Platforms.ActiveCfg = Release|x86
		{0E81B67B-1814-45CA-8601-18EE140D12A6}.Release|Mixed Platforms.Build.0 = Release|x86
		{0E81B67B-1814-45CA-8601-18EE140D12A6}.Release|x86.ActiveCfg = Release|x86
		{0E81B67B-1814-45CA-8601-18EE140D12A6}.Release|x86.Build.0 = Release|x86
		{D8B336B9-0D12-4AA8-B6D2-536425C228E9}.Debug|Any CPU.ActiveCfg = Debug|Any CPU
		{D8B336B9-0D12-4AA8-B6D2-536425C228E9}.Debug|Any CPU.Build.0 = Debug|Any CPU
		{D8B336B9-0D12-4AA8-B6D2-536425C228E9}.Debug|Mixed Platforms.ActiveCfg = Debug|Any CPU
		{D8B336B9-0D12-4AA8-B6D2-536425C228E9}.Debug|Mixed Platforms.Build.0 = Debug|Any CPU
		{D8B336B9-0D12-4AA8-B6D2-536425C228E9}.Debug|x86.ActiveCfg = Debug|Any CPU
		{D8B336B9-0D12-4AA8-B6D2-536425C228E9}.DebugQuick|Any CPU.ActiveCfg = DebugQuick|Any CPU
		{D8B336B9-0D12-4AA8-B6D2-536425C228E9}.DebugQuick|Any CPU.Build.0 = DebugQuick|Any CPU
		{D8B336B9-0D12-4AA8-B6D2-536425C228E9}.DebugQuick|Mixed Platforms.ActiveCfg = DebugQuick|Any CPU
		{D8B336B9-0D12-4AA8-B6D2-536425C228E9}.DebugQuick|Mixed Platforms.Build.0 = DebugQuick|Any CPU
		{D8B336B9-0D12-4AA8-B6D2-536425C228E9}.DebugQuick|x86.ActiveCfg = DebugQuick|Any CPU
		{D8B336B9-0D12-4AA8-B6D2-536425C228E9}.Release|Any CPU.ActiveCfg = Release|Any CPU
		{D8B336B9-0D12-4AA8-B6D2-536425C228E9}.Release|Any CPU.Build.0 = Release|Any CPU
		{D8B336B9-0D12-4AA8-B6D2-536425C228E9}.Release|Mixed Platforms.ActiveCfg = Release|Any CPU
		{D8B336B9-0D12-4AA8-B6D2-536425C228E9}.Release|Mixed Platforms.Build.0 = Release|Any CPU
		{D8B336B9-0D12-4AA8-B6D2-536425C228E9}.Release|x86.ActiveCfg = Release|Any CPU
		{D482B441-8155-4D3A-854A-77B3EBECAADC}.Debug|Any CPU.ActiveCfg = Debug|Any CPU
		{D482B441-8155-4D3A-854A-77B3EBECAADC}.Debug|Any CPU.Build.0 = Debug|Any CPU
		{D482B441-8155-4D3A-854A-77B3EBECAADC}.Debug|Mixed Platforms.ActiveCfg = Debug|Any CPU
		{D482B441-8155-4D3A-854A-77B3EBECAADC}.Debug|Mixed Platforms.Build.0 = Debug|Any CPU
		{D482B441-8155-4D3A-854A-77B3EBECAADC}.Debug|x86.ActiveCfg = Debug|Any CPU
		{D482B441-8155-4D3A-854A-77B3EBECAADC}.DebugQuick|Any CPU.ActiveCfg = Debug|Any CPU
		{D482B441-8155-4D3A-854A-77B3EBECAADC}.DebugQuick|Any CPU.Build.0 = Debug|Any CPU
		{D482B441-8155-4D3A-854A-77B3EBECAADC}.DebugQuick|Mixed Platforms.ActiveCfg = Debug|Any CPU
		{D482B441-8155-4D3A-854A-77B3EBECAADC}.DebugQuick|Mixed Platforms.Build.0 = Debug|Any CPU
		{D482B441-8155-4D3A-854A-77B3EBECAADC}.DebugQuick|x86.ActiveCfg = Debug|Any CPU
		{D482B441-8155-4D3A-854A-77B3EBECAADC}.Release|Any CPU.ActiveCfg = Release|Any CPU
		{D482B441-8155-4D3A-854A-77B3EBECAADC}.Release|Any CPU.Build.0 = Release|Any CPU
		{D482B441-8155-4D3A-854A-77B3EBECAADC}.Release|Mixed Platforms.ActiveCfg = Release|Any CPU
		{D482B441-8155-4D3A-854A-77B3EBECAADC}.Release|Mixed Platforms.Build.0 = Release|Any CPU
		{D482B441-8155-4D3A-854A-77B3EBECAADC}.Release|x86.ActiveCfg = Release|Any CPU
		{A5E84860-2CDC-4DB7-96CC-A1759D11A5C3}.Debug|Any CPU.ActiveCfg = Debug|Any CPU
		{A5E84860-2CDC-4DB7-96CC-A1759D11A5C3}.Debug|Any CPU.Build.0 = Debug|Any CPU
		{A5E84860-2CDC-4DB7-96CC-A1759D11A5C3}.Debug|Mixed Platforms.ActiveCfg = Debug|Any CPU
		{A5E84860-2CDC-4DB7-96CC-A1759D11A5C3}.Debug|Mixed Platforms.Build.0 = Debug|Any CPU
		{A5E84860-2CDC-4DB7-96CC-A1759D11A5C3}.Debug|x86.ActiveCfg = Debug|Any CPU
		{A5E84860-2CDC-4DB7-96CC-A1759D11A5C3}.DebugQuick|Any CPU.ActiveCfg = Debug|Any CPU
		{A5E84860-2CDC-4DB7-96CC-A1759D11A5C3}.DebugQuick|Any CPU.Build.0 = Debug|Any CPU
		{A5E84860-2CDC-4DB7-96CC-A1759D11A5C3}.DebugQuick|Mixed Platforms.ActiveCfg = Debug|Any CPU
		{A5E84860-2CDC-4DB7-96CC-A1759D11A5C3}.DebugQuick|Mixed Platforms.Build.0 = Debug|Any CPU
		{A5E84860-2CDC-4DB7-96CC-A1759D11A5C3}.DebugQuick|x86.ActiveCfg = Debug|Any CPU
		{A5E84860-2CDC-4DB7-96CC-A1759D11A5C3}.Release|Any CPU.ActiveCfg = Release|Any CPU
		{A5E84860-2CDC-4DB7-96CC-A1759D11A5C3}.Release|Any CPU.Build.0 = Release|Any CPU
		{A5E84860-2CDC-4DB7-96CC-A1759D11A5C3}.Release|Mixed Platforms.ActiveCfg = Release|Any CPU
		{A5E84860-2CDC-4DB7-96CC-A1759D11A5C3}.Release|Mixed Platforms.Build.0 = Release|Any CPU
		{A5E84860-2CDC-4DB7-96CC-A1759D11A5C3}.Release|x86.ActiveCfg = Release|Any CPU
		{9E3915D2-28B4-43C5-8A49-CEA235C03483}.Debug|Any CPU.ActiveCfg = Debug|Any CPU
		{9E3915D2-28B4-43C5-8A49-CEA235C03483}.Debug|Any CPU.Build.0 = Debug|Any CPU
		{9E3915D2-28B4-43C5-8A49-CEA235C03483}.Debug|Mixed Platforms.ActiveCfg = Debug|Any CPU
		{9E3915D2-28B4-43C5-8A49-CEA235C03483}.Debug|Mixed Platforms.Build.0 = Debug|Any CPU
		{9E3915D2-28B4-43C5-8A49-CEA235C03483}.Debug|x86.ActiveCfg = Debug|Any CPU
		{9E3915D2-28B4-43C5-8A49-CEA235C03483}.DebugQuick|Any CPU.ActiveCfg = Debug|Any CPU
		{9E3915D2-28B4-43C5-8A49-CEA235C03483}.DebugQuick|Any CPU.Build.0 = Debug|Any CPU
		{9E3915D2-28B4-43C5-8A49-CEA235C03483}.DebugQuick|Mixed Platforms.ActiveCfg = Debug|Any CPU
		{9E3915D2-28B4-43C5-8A49-CEA235C03483}.DebugQuick|Mixed Platforms.Build.0 = Debug|Any CPU
		{9E3915D2-28B4-43C5-8A49-CEA235C03483}.DebugQuick|x86.ActiveCfg = Debug|Any CPU
		{9E3915D2-28B4-43C5-8A49-CEA235C03483}.Release|Any CPU.ActiveCfg = Release|Any CPU
		{9E3915D2-28B4-43C5-8A49-CEA235C03483}.Release|Any CPU.Build.0 = Release|Any CPU
		{9E3915D2-28B4-43C5-8A49-CEA235C03483}.Release|Mixed Platforms.ActiveCfg = Release|Any CPU
		{9E3915D2-28B4-43C5-8A49-CEA235C03483}.Release|Mixed Platforms.Build.0 = Release|Any CPU
		{9E3915D2-28B4-43C5-8A49-CEA235C03483}.Release|x86.ActiveCfg = Release|Any CPU
		{62AFE2BF-026E-4FB1-97EB-5C27313EDE1E}.Debug|Any CPU.ActiveCfg = Debug|Any CPU
		{62AFE2BF-026E-4FB1-97EB-5C27313EDE1E}.Debug|Any CPU.Build.0 = Debug|Any CPU
		{62AFE2BF-026E-4FB1-97EB-5C27313EDE1E}.Debug|Mixed Platforms.ActiveCfg = Debug|Any CPU
		{62AFE2BF-026E-4FB1-97EB-5C27313EDE1E}.Debug|Mixed Platforms.Build.0 = Debug|Any CPU
		{62AFE2BF-026E-4FB1-97EB-5C27313EDE1E}.Debug|x86.ActiveCfg = Debug|Any CPU
		{62AFE2BF-026E-4FB1-97EB-5C27313EDE1E}.DebugQuick|Any CPU.ActiveCfg = Debug|Any CPU
		{62AFE2BF-026E-4FB1-97EB-5C27313EDE1E}.DebugQuick|Any CPU.Build.0 = Debug|Any CPU
		{62AFE2BF-026E-4FB1-97EB-5C27313EDE1E}.DebugQuick|Mixed Platforms.ActiveCfg = Debug|Any CPU
		{62AFE2BF-026E-4FB1-97EB-5C27313EDE1E}.DebugQuick|Mixed Platforms.Build.0 = Debug|Any CPU
		{62AFE2BF-026E-4FB1-97EB-5C27313EDE1E}.DebugQuick|x86.ActiveCfg = Debug|Any CPU
		{62AFE2BF-026E-4FB1-97EB-5C27313EDE1E}.Release|Any CPU.ActiveCfg = Release|Any CPU
		{62AFE2BF-026E-4FB1-97EB-5C27313EDE1E}.Release|Any CPU.Build.0 = Release|Any CPU
		{62AFE2BF-026E-4FB1-97EB-5C27313EDE1E}.Release|Mixed Platforms.ActiveCfg = Release|Any CPU
		{62AFE2BF-026E-4FB1-97EB-5C27313EDE1E}.Release|Mixed Platforms.Build.0 = Release|Any CPU
		{62AFE2BF-026E-4FB1-97EB-5C27313EDE1E}.Release|x86.ActiveCfg = Release|Any CPU
		{F2E0E1E1-E508-4721-BCDE-D69CC34EA87B}.Debug|Any CPU.ActiveCfg = Debug|Any CPU
		{F2E0E1E1-E508-4721-BCDE-D69CC34EA87B}.Debug|Any CPU.Build.0 = Debug|Any CPU
		{F2E0E1E1-E508-4721-BCDE-D69CC34EA87B}.Debug|Mixed Platforms.ActiveCfg = Debug|Any CPU
		{F2E0E1E1-E508-4721-BCDE-D69CC34EA87B}.Debug|Mixed Platforms.Build.0 = Debug|Any CPU
		{F2E0E1E1-E508-4721-BCDE-D69CC34EA87B}.Debug|x86.ActiveCfg = Debug|Any CPU
		{F2E0E1E1-E508-4721-BCDE-D69CC34EA87B}.DebugQuick|Any CPU.ActiveCfg = Debug|Any CPU
		{F2E0E1E1-E508-4721-BCDE-D69CC34EA87B}.DebugQuick|Any CPU.Build.0 = Debug|Any CPU
		{F2E0E1E1-E508-4721-BCDE-D69CC34EA87B}.DebugQuick|Mixed Platforms.ActiveCfg = Debug|Any CPU
		{F2E0E1E1-E508-4721-BCDE-D69CC34EA87B}.DebugQuick|Mixed Platforms.Build.0 = Debug|Any CPU
		{F2E0E1E1-E508-4721-BCDE-D69CC34EA87B}.DebugQuick|x86.ActiveCfg = Debug|Any CPU
		{F2E0E1E1-E508-4721-BCDE-D69CC34EA87B}.Release|Any CPU.ActiveCfg = Release|Any CPU
		{F2E0E1E1-E508-4721-BCDE-D69CC34EA87B}.Release|Any CPU.Build.0 = Release|Any CPU
		{F2E0E1E1-E508-4721-BCDE-D69CC34EA87B}.Release|Mixed Platforms.ActiveCfg = Release|Any CPU
		{F2E0E1E1-E508-4721-BCDE-D69CC34EA87B}.Release|Mixed Platforms.Build.0 = Release|Any CPU
		{F2E0E1E1-E508-4721-BCDE-D69CC34EA87B}.Release|x86.ActiveCfg = Release|Any CPU
		{B11574D0-B884-4C7C-8F57-AFDF1F6A37F1}.Debug|Any CPU.ActiveCfg = Debug|Any CPU
		{B11574D0-B884-4C7C-8F57-AFDF1F6A37F1}.Debug|Any CPU.Build.0 = Debug|Any CPU
		{B11574D0-B884-4C7C-8F57-AFDF1F6A37F1}.Debug|Mixed Platforms.ActiveCfg = Debug|Any CPU
		{B11574D0-B884-4C7C-8F57-AFDF1F6A37F1}.Debug|Mixed Platforms.Build.0 = Debug|Any CPU
		{B11574D0-B884-4C7C-8F57-AFDF1F6A37F1}.Debug|x86.ActiveCfg = Debug|Any CPU
		{B11574D0-B884-4C7C-8F57-AFDF1F6A37F1}.DebugQuick|Any CPU.ActiveCfg = Debug|Any CPU
		{B11574D0-B884-4C7C-8F57-AFDF1F6A37F1}.DebugQuick|Any CPU.Build.0 = Debug|Any CPU
		{B11574D0-B884-4C7C-8F57-AFDF1F6A37F1}.DebugQuick|Mixed Platforms.ActiveCfg = Debug|Any CPU
		{B11574D0-B884-4C7C-8F57-AFDF1F6A37F1}.DebugQuick|Mixed Platforms.Build.0 = Debug|Any CPU
		{B11574D0-B884-4C7C-8F57-AFDF1F6A37F1}.DebugQuick|x86.ActiveCfg = Debug|Any CPU
		{B11574D0-B884-4C7C-8F57-AFDF1F6A37F1}.Release|Any CPU.ActiveCfg = Release|Any CPU
		{B11574D0-B884-4C7C-8F57-AFDF1F6A37F1}.Release|Any CPU.Build.0 = Release|Any CPU
		{B11574D0-B884-4C7C-8F57-AFDF1F6A37F1}.Release|Mixed Platforms.ActiveCfg = Release|Any CPU
		{B11574D0-B884-4C7C-8F57-AFDF1F6A37F1}.Release|Mixed Platforms.Build.0 = Release|Any CPU
		{B11574D0-B884-4C7C-8F57-AFDF1F6A37F1}.Release|x86.ActiveCfg = Release|Any CPU
		{E9A2ECEA-469C-40C9-B613-07102D15E677}.Debug|Any CPU.ActiveCfg = Debug|Any CPU
		{E9A2ECEA-469C-40C9-B613-07102D15E677}.Debug|Any CPU.Build.0 = Debug|Any CPU
		{E9A2ECEA-469C-40C9-B613-07102D15E677}.Debug|Mixed Platforms.ActiveCfg = Debug|Any CPU
		{E9A2ECEA-469C-40C9-B613-07102D15E677}.Debug|Mixed Platforms.Build.0 = Debug|Any CPU
		{E9A2ECEA-469C-40C9-B613-07102D15E677}.Debug|x86.ActiveCfg = Debug|Any CPU
		{E9A2ECEA-469C-40C9-B613-07102D15E677}.DebugQuick|Any CPU.ActiveCfg = Debug|Any CPU
		{E9A2ECEA-469C-40C9-B613-07102D15E677}.DebugQuick|Any CPU.Build.0 = Debug|Any CPU
		{E9A2ECEA-469C-40C9-B613-07102D15E677}.DebugQuick|Mixed Platforms.ActiveCfg = Debug|Any CPU
		{E9A2ECEA-469C-40C9-B613-07102D15E677}.DebugQuick|Mixed Platforms.Build.0 = Debug|Any CPU
		{E9A2ECEA-469C-40C9-B613-07102D15E677}.DebugQuick|x86.ActiveCfg = Debug|Any CPU
		{E9A2ECEA-469C-40C9-B613-07102D15E677}.Release|Any CPU.ActiveCfg = Release|Any CPU
		{E9A2ECEA-469C-40C9-B613-07102D15E677}.Release|Any CPU.Build.0 = Release|Any CPU
		{E9A2ECEA-469C-40C9-B613-07102D15E677}.Release|Mixed Platforms.ActiveCfg = Release|Any CPU
		{E9A2ECEA-469C-40C9-B613-07102D15E677}.Release|Mixed Platforms.Build.0 = Release|Any CPU
		{E9A2ECEA-469C-40C9-B613-07102D15E677}.Release|x86.ActiveCfg = Release|Any CPU
		{C54E6C19-DFC8-475B-AA32-D059131F296D}.Debug|Any CPU.ActiveCfg = Debug|Any CPU
		{C54E6C19-DFC8-475B-AA32-D059131F296D}.Debug|Any CPU.Build.0 = Debug|Any CPU
		{C54E6C19-DFC8-475B-AA32-D059131F296D}.Debug|Mixed Platforms.ActiveCfg = Debug|Any CPU
		{C54E6C19-DFC8-475B-AA32-D059131F296D}.Debug|Mixed Platforms.Build.0 = Debug|Any CPU
		{C54E6C19-DFC8-475B-AA32-D059131F296D}.Debug|x86.ActiveCfg = Debug|Any CPU
		{C54E6C19-DFC8-475B-AA32-D059131F296D}.DebugQuick|Any CPU.ActiveCfg = Debug|Any CPU
		{C54E6C19-DFC8-475B-AA32-D059131F296D}.DebugQuick|Any CPU.Build.0 = Debug|Any CPU
		{C54E6C19-DFC8-475B-AA32-D059131F296D}.DebugQuick|Mixed Platforms.ActiveCfg = Debug|Any CPU
		{C54E6C19-DFC8-475B-AA32-D059131F296D}.DebugQuick|Mixed Platforms.Build.0 = Debug|Any CPU
		{C54E6C19-DFC8-475B-AA32-D059131F296D}.DebugQuick|x86.ActiveCfg = Debug|Any CPU
		{C54E6C19-DFC8-475B-AA32-D059131F296D}.Release|Any CPU.ActiveCfg = Release|Any CPU
		{C54E6C19-DFC8-475B-AA32-D059131F296D}.Release|Any CPU.Build.0 = Release|Any CPU
		{C54E6C19-DFC8-475B-AA32-D059131F296D}.Release|Mixed Platforms.ActiveCfg = Release|Any CPU
		{C54E6C19-DFC8-475B-AA32-D059131F296D}.Release|Mixed Platforms.Build.0 = Release|Any CPU
		{C54E6C19-DFC8-475B-AA32-D059131F296D}.Release|x86.ActiveCfg = Release|Any CPU
		{7F0D5B47-1D77-420F-8934-9F4059EB67A8}.Debug|Any CPU.ActiveCfg = Debug|Any CPU
		{7F0D5B47-1D77-420F-8934-9F4059EB67A8}.Debug|Any CPU.Build.0 = Debug|Any CPU
		{7F0D5B47-1D77-420F-8934-9F4059EB67A8}.Debug|Mixed Platforms.ActiveCfg = Debug|Any CPU
		{7F0D5B47-1D77-420F-8934-9F4059EB67A8}.Debug|Mixed Platforms.Build.0 = Debug|Any CPU
		{7F0D5B47-1D77-420F-8934-9F4059EB67A8}.Debug|x86.ActiveCfg = Debug|Any CPU
		{7F0D5B47-1D77-420F-8934-9F4059EB67A8}.DebugQuick|Any CPU.ActiveCfg = Debug|Any CPU
		{7F0D5B47-1D77-420F-8934-9F4059EB67A8}.DebugQuick|Any CPU.Build.0 = Debug|Any CPU
		{7F0D5B47-1D77-420F-8934-9F4059EB67A8}.DebugQuick|Mixed Platforms.ActiveCfg = Debug|Any CPU
		{7F0D5B47-1D77-420F-8934-9F4059EB67A8}.DebugQuick|Mixed Platforms.Build.0 = Debug|Any CPU
		{7F0D5B47-1D77-420F-8934-9F4059EB67A8}.DebugQuick|x86.ActiveCfg = Debug|Any CPU
		{7F0D5B47-1D77-420F-8934-9F4059EB67A8}.Release|Any CPU.ActiveCfg = Release|Any CPU
		{7F0D5B47-1D77-420F-8934-9F4059EB67A8}.Release|Any CPU.Build.0 = Release|Any CPU
		{7F0D5B47-1D77-420F-8934-9F4059EB67A8}.Release|Mixed Platforms.ActiveCfg = Release|Any CPU
		{7F0D5B47-1D77-420F-8934-9F4059EB67A8}.Release|Mixed Platforms.Build.0 = Release|Any CPU
		{7F0D5B47-1D77-420F-8934-9F4059EB67A8}.Release|x86.ActiveCfg = Release|Any CPU
		{6D91F05F-6756-4BB0-8AE7-E730641607F9}.Debug|Any CPU.ActiveCfg = Debug|Any CPU
		{6D91F05F-6756-4BB0-8AE7-E730641607F9}.Debug|Any CPU.Build.0 = Debug|Any CPU
		{6D91F05F-6756-4BB0-8AE7-E730641607F9}.Debug|Mixed Platforms.ActiveCfg = Debug|Any CPU
		{6D91F05F-6756-4BB0-8AE7-E730641607F9}.Debug|Mixed Platforms.Build.0 = Debug|Any CPU
		{6D91F05F-6756-4BB0-8AE7-E730641607F9}.Debug|x86.ActiveCfg = Debug|Any CPU
		{6D91F05F-6756-4BB0-8AE7-E730641607F9}.DebugQuick|Any CPU.ActiveCfg = Debug|Any CPU
		{6D91F05F-6756-4BB0-8AE7-E730641607F9}.DebugQuick|Any CPU.Build.0 = Debug|Any CPU
		{6D91F05F-6756-4BB0-8AE7-E730641607F9}.DebugQuick|Mixed Platforms.ActiveCfg = Debug|Any CPU
		{6D91F05F-6756-4BB0-8AE7-E730641607F9}.DebugQuick|Mixed Platforms.Build.0 = Debug|Any CPU
		{6D91F05F-6756-4BB0-8AE7-E730641607F9}.DebugQuick|x86.ActiveCfg = Debug|Any CPU
		{6D91F05F-6756-4BB0-8AE7-E730641607F9}.Release|Any CPU.ActiveCfg = Release|Any CPU
		{6D91F05F-6756-4BB0-8AE7-E730641607F9}.Release|Any CPU.Build.0 = Release|Any CPU
		{6D91F05F-6756-4BB0-8AE7-E730641607F9}.Release|Mixed Platforms.ActiveCfg = Release|Any CPU
		{6D91F05F-6756-4BB0-8AE7-E730641607F9}.Release|Mixed Platforms.Build.0 = Release|Any CPU
		{6D91F05F-6756-4BB0-8AE7-E730641607F9}.Release|x86.ActiveCfg = Release|Any CPU
		{F377F0B3-D869-42B1-A2B5-DBC7BF3DE613}.Debug|Any CPU.ActiveCfg = Debug|Any CPU
		{F377F0B3-D869-42B1-A2B5-DBC7BF3DE613}.Debug|Any CPU.Build.0 = Debug|Any CPU
		{F377F0B3-D869-42B1-A2B5-DBC7BF3DE613}.Debug|Mixed Platforms.ActiveCfg = Debug|Any CPU
		{F377F0B3-D869-42B1-A2B5-DBC7BF3DE613}.Debug|Mixed Platforms.Build.0 = Debug|Any CPU
		{F377F0B3-D869-42B1-A2B5-DBC7BF3DE613}.Debug|x86.ActiveCfg = Debug|Any CPU
		{F377F0B3-D869-42B1-A2B5-DBC7BF3DE613}.DebugQuick|Any CPU.ActiveCfg = Debug|Any CPU
		{F377F0B3-D869-42B1-A2B5-DBC7BF3DE613}.DebugQuick|Any CPU.Build.0 = Debug|Any CPU
		{F377F0B3-D869-42B1-A2B5-DBC7BF3DE613}.DebugQuick|Mixed Platforms.ActiveCfg = Debug|Any CPU
		{F377F0B3-D869-42B1-A2B5-DBC7BF3DE613}.DebugQuick|Mixed Platforms.Build.0 = Debug|Any CPU
		{F377F0B3-D869-42B1-A2B5-DBC7BF3DE613}.DebugQuick|x86.ActiveCfg = Debug|Any CPU
		{F377F0B3-D869-42B1-A2B5-DBC7BF3DE613}.Release|Any CPU.ActiveCfg = Release|Any CPU
		{F377F0B3-D869-42B1-A2B5-DBC7BF3DE613}.Release|Any CPU.Build.0 = Release|Any CPU
		{F377F0B3-D869-42B1-A2B5-DBC7BF3DE613}.Release|Mixed Platforms.ActiveCfg = Release|Any CPU
		{F377F0B3-D869-42B1-A2B5-DBC7BF3DE613}.Release|Mixed Platforms.Build.0 = Release|Any CPU
		{F377F0B3-D869-42B1-A2B5-DBC7BF3DE613}.Release|x86.ActiveCfg = Release|Any CPU
		{85266099-123F-45F0-A985-46522DABF81E}.Debug|Any CPU.ActiveCfg = Debug|Any CPU
		{85266099-123F-45F0-A985-46522DABF81E}.Debug|Any CPU.Build.0 = Debug|Any CPU
		{85266099-123F-45F0-A985-46522DABF81E}.Debug|Mixed Platforms.ActiveCfg = Debug|Any CPU
		{85266099-123F-45F0-A985-46522DABF81E}.Debug|Mixed Platforms.Build.0 = Debug|Any CPU
		{85266099-123F-45F0-A985-46522DABF81E}.Debug|x86.ActiveCfg = Debug|Any CPU
		{85266099-123F-45F0-A985-46522DABF81E}.DebugQuick|Any CPU.ActiveCfg = Debug|Any CPU
		{85266099-123F-45F0-A985-46522DABF81E}.DebugQuick|Any CPU.Build.0 = Debug|Any CPU
		{85266099-123F-45F0-A985-46522DABF81E}.DebugQuick|Mixed Platforms.ActiveCfg = Debug|Any CPU
		{85266099-123F-45F0-A985-46522DABF81E}.DebugQuick|Mixed Platforms.Build.0 = Debug|Any CPU
		{85266099-123F-45F0-A985-46522DABF81E}.DebugQuick|x86.ActiveCfg = Debug|Any CPU
		{85266099-123F-45F0-A985-46522DABF81E}.Release|Any CPU.ActiveCfg = Release|Any CPU
		{85266099-123F-45F0-A985-46522DABF81E}.Release|Any CPU.Build.0 = Release|Any CPU
		{85266099-123F-45F0-A985-46522DABF81E}.Release|Mixed Platforms.ActiveCfg = Release|Any CPU
		{85266099-123F-45F0-A985-46522DABF81E}.Release|Mixed Platforms.Build.0 = Release|Any CPU
		{85266099-123F-45F0-A985-46522DABF81E}.Release|x86.ActiveCfg = Release|Any CPU
		{7A0F9030-5024-42CE-8077-C4E6BEB19F62}.Debug|Any CPU.ActiveCfg = Debug|Any CPU
		{7A0F9030-5024-42CE-8077-C4E6BEB19F62}.Debug|Any CPU.Build.0 = Debug|Any CPU
		{7A0F9030-5024-42CE-8077-C4E6BEB19F62}.Debug|Mixed Platforms.ActiveCfg = Debug|Any CPU
		{7A0F9030-5024-42CE-8077-C4E6BEB19F62}.Debug|Mixed Platforms.Build.0 = Debug|Any CPU
		{7A0F9030-5024-42CE-8077-C4E6BEB19F62}.Debug|x86.ActiveCfg = Debug|Any CPU
		{7A0F9030-5024-42CE-8077-C4E6BEB19F62}.DebugQuick|Any CPU.ActiveCfg = Debug|Any CPU
		{7A0F9030-5024-42CE-8077-C4E6BEB19F62}.DebugQuick|Any CPU.Build.0 = Debug|Any CPU
		{7A0F9030-5024-42CE-8077-C4E6BEB19F62}.DebugQuick|Mixed Platforms.ActiveCfg = Debug|Any CPU
		{7A0F9030-5024-42CE-8077-C4E6BEB19F62}.DebugQuick|Mixed Platforms.Build.0 = Debug|Any CPU
		{7A0F9030-5024-42CE-8077-C4E6BEB19F62}.DebugQuick|x86.ActiveCfg = Debug|Any CPU
		{7A0F9030-5024-42CE-8077-C4E6BEB19F62}.Release|Any CPU.ActiveCfg = Release|Any CPU
		{7A0F9030-5024-42CE-8077-C4E6BEB19F62}.Release|Any CPU.Build.0 = Release|Any CPU
		{7A0F9030-5024-42CE-8077-C4E6BEB19F62}.Release|Mixed Platforms.ActiveCfg = Release|Any CPU
		{7A0F9030-5024-42CE-8077-C4E6BEB19F62}.Release|Mixed Platforms.Build.0 = Release|Any CPU
		{7A0F9030-5024-42CE-8077-C4E6BEB19F62}.Release|x86.ActiveCfg = Release|Any CPU
		{F591D441-F0A6-48E8-9B13-4A3E3147385F}.Debug|Any CPU.ActiveCfg = Debug|Any CPU
		{F591D441-F0A6-48E8-9B13-4A3E3147385F}.Debug|Any CPU.Build.0 = Debug|Any CPU
		{F591D441-F0A6-48E8-9B13-4A3E3147385F}.Debug|Mixed Platforms.ActiveCfg = Debug|Any CPU
		{F591D441-F0A6-48E8-9B13-4A3E3147385F}.Debug|Mixed Platforms.Build.0 = Debug|Any CPU
		{F591D441-F0A6-48E8-9B13-4A3E3147385F}.Debug|x86.ActiveCfg = Debug|Any CPU
		{F591D441-F0A6-48E8-9B13-4A3E3147385F}.DebugQuick|Any CPU.ActiveCfg = Debug|Any CPU
		{F591D441-F0A6-48E8-9B13-4A3E3147385F}.DebugQuick|Any CPU.Build.0 = Debug|Any CPU
		{F591D441-F0A6-48E8-9B13-4A3E3147385F}.DebugQuick|Mixed Platforms.ActiveCfg = Debug|Any CPU
		{F591D441-F0A6-48E8-9B13-4A3E3147385F}.DebugQuick|Mixed Platforms.Build.0 = Debug|Any CPU
		{F591D441-F0A6-48E8-9B13-4A3E3147385F}.DebugQuick|x86.ActiveCfg = Debug|Any CPU
		{F591D441-F0A6-48E8-9B13-4A3E3147385F}.Release|Any CPU.ActiveCfg = Release|Any CPU
		{F591D441-F0A6-48E8-9B13-4A3E3147385F}.Release|Any CPU.Build.0 = Release|Any CPU
		{F591D441-F0A6-48E8-9B13-4A3E3147385F}.Release|Mixed Platforms.ActiveCfg = Release|Any CPU
		{F591D441-F0A6-48E8-9B13-4A3E3147385F}.Release|Mixed Platforms.Build.0 = Release|Any CPU
		{F591D441-F0A6-48E8-9B13-4A3E3147385F}.Release|x86.ActiveCfg = Release|Any CPU
		{E8DB9247-7356-4A45-B3D0-7B8E324C497C}.Debug|Any CPU.ActiveCfg = Debug|Any CPU
		{E8DB9247-7356-4A45-B3D0-7B8E324C497C}.Debug|Any CPU.Build.0 = Debug|Any CPU
		{E8DB9247-7356-4A45-B3D0-7B8E324C497C}.Debug|Mixed Platforms.ActiveCfg = Debug|Any CPU
		{E8DB9247-7356-4A45-B3D0-7B8E324C497C}.Debug|Mixed Platforms.Build.0 = Debug|Any CPU
		{E8DB9247-7356-4A45-B3D0-7B8E324C497C}.Debug|x86.ActiveCfg = Debug|Any CPU
		{E8DB9247-7356-4A45-B3D0-7B8E324C497C}.DebugQuick|Any CPU.ActiveCfg = Debug|Any CPU
		{E8DB9247-7356-4A45-B3D0-7B8E324C497C}.DebugQuick|Any CPU.Build.0 = Debug|Any CPU
		{E8DB9247-7356-4A45-B3D0-7B8E324C497C}.DebugQuick|Mixed Platforms.ActiveCfg = Debug|Any CPU
		{E8DB9247-7356-4A45-B3D0-7B8E324C497C}.DebugQuick|Mixed Platforms.Build.0 = Debug|Any CPU
		{E8DB9247-7356-4A45-B3D0-7B8E324C497C}.DebugQuick|x86.ActiveCfg = Debug|Any CPU
		{E8DB9247-7356-4A45-B3D0-7B8E324C497C}.Release|Any CPU.ActiveCfg = Release|Any CPU
		{E8DB9247-7356-4A45-B3D0-7B8E324C497C}.Release|Any CPU.Build.0 = Release|Any CPU
		{E8DB9247-7356-4A45-B3D0-7B8E324C497C}.Release|Mixed Platforms.ActiveCfg = Release|Any CPU
		{E8DB9247-7356-4A45-B3D0-7B8E324C497C}.Release|Mixed Platforms.Build.0 = Release|Any CPU
		{E8DB9247-7356-4A45-B3D0-7B8E324C497C}.Release|x86.ActiveCfg = Release|Any CPU
		{97771EA1-ADF9-4346-B1D7-A27A0A261FFB}.Debug|Any CPU.ActiveCfg = Debug|Any CPU
		{97771EA1-ADF9-4346-B1D7-A27A0A261FFB}.Debug|Any CPU.Build.0 = Debug|Any CPU
		{97771EA1-ADF9-4346-B1D7-A27A0A261FFB}.Debug|Mixed Platforms.ActiveCfg = Debug|Any CPU
		{97771EA1-ADF9-4346-B1D7-A27A0A261FFB}.Debug|Mixed Platforms.Build.0 = Debug|Any CPU
		{97771EA1-ADF9-4346-B1D7-A27A0A261FFB}.Debug|x86.ActiveCfg = Debug|Any CPU
		{97771EA1-ADF9-4346-B1D7-A27A0A261FFB}.DebugQuick|Any CPU.ActiveCfg = Debug|Any CPU
		{97771EA1-ADF9-4346-B1D7-A27A0A261FFB}.DebugQuick|Any CPU.Build.0 = Debug|Any CPU
		{97771EA1-ADF9-4346-B1D7-A27A0A261FFB}.DebugQuick|Mixed Platforms.ActiveCfg = Debug|Any CPU
		{97771EA1-ADF9-4346-B1D7-A27A0A261FFB}.DebugQuick|Mixed Platforms.Build.0 = Debug|Any CPU
		{97771EA1-ADF9-4346-B1D7-A27A0A261FFB}.DebugQuick|x86.ActiveCfg = Debug|Any CPU
		{97771EA1-ADF9-4346-B1D7-A27A0A261FFB}.Release|Any CPU.ActiveCfg = Release|Any CPU
		{97771EA1-ADF9-4346-B1D7-A27A0A261FFB}.Release|Any CPU.Build.0 = Release|Any CPU
		{97771EA1-ADF9-4346-B1D7-A27A0A261FFB}.Release|Mixed Platforms.ActiveCfg = Release|Any CPU
		{97771EA1-ADF9-4346-B1D7-A27A0A261FFB}.Release|Mixed Platforms.Build.0 = Release|Any CPU
		{97771EA1-ADF9-4346-B1D7-A27A0A261FFB}.Release|x86.ActiveCfg = Release|Any CPU
		{38AFBF90-7FD9-4627-903C-ABF0F0C9865F}.Debug|Any CPU.ActiveCfg = Debug|Any CPU
		{38AFBF90-7FD9-4627-903C-ABF0F0C9865F}.Debug|Any CPU.Build.0 = Debug|Any CPU
		{38AFBF90-7FD9-4627-903C-ABF0F0C9865F}.Debug|Mixed Platforms.ActiveCfg = Debug|Any CPU
		{38AFBF90-7FD9-4627-903C-ABF0F0C9865F}.Debug|Mixed Platforms.Build.0 = Debug|Any CPU
		{38AFBF90-7FD9-4627-903C-ABF0F0C9865F}.Debug|x86.ActiveCfg = Debug|Any CPU
		{38AFBF90-7FD9-4627-903C-ABF0F0C9865F}.DebugQuick|Any CPU.ActiveCfg = Debug|Any CPU
		{38AFBF90-7FD9-4627-903C-ABF0F0C9865F}.DebugQuick|Any CPU.Build.0 = Debug|Any CPU
		{38AFBF90-7FD9-4627-903C-ABF0F0C9865F}.DebugQuick|Mixed Platforms.ActiveCfg = Debug|Any CPU
		{38AFBF90-7FD9-4627-903C-ABF0F0C9865F}.DebugQuick|Mixed Platforms.Build.0 = Debug|Any CPU
		{38AFBF90-7FD9-4627-903C-ABF0F0C9865F}.DebugQuick|x86.ActiveCfg = Debug|Any CPU
		{38AFBF90-7FD9-4627-903C-ABF0F0C9865F}.Release|Any CPU.ActiveCfg = Release|Any CPU
		{38AFBF90-7FD9-4627-903C-ABF0F0C9865F}.Release|Any CPU.Build.0 = Release|Any CPU
		{38AFBF90-7FD9-4627-903C-ABF0F0C9865F}.Release|Mixed Platforms.ActiveCfg = Release|Any CPU
		{38AFBF90-7FD9-4627-903C-ABF0F0C9865F}.Release|Mixed Platforms.Build.0 = Release|Any CPU
		{38AFBF90-7FD9-4627-903C-ABF0F0C9865F}.Release|x86.ActiveCfg = Release|Any CPU
		{695BD928-0E33-498F-B2B5-FC7C010E748F}.Debug|Any CPU.ActiveCfg = Debug|Any CPU
		{695BD928-0E33-498F-B2B5-FC7C010E748F}.Debug|Any CPU.Build.0 = Debug|Any CPU
		{695BD928-0E33-498F-B2B5-FC7C010E748F}.Debug|Mixed Platforms.ActiveCfg = Debug|Any CPU
		{695BD928-0E33-498F-B2B5-FC7C010E748F}.Debug|Mixed Platforms.Build.0 = Debug|Any CPU
		{695BD928-0E33-498F-B2B5-FC7C010E748F}.Debug|x86.ActiveCfg = Debug|Any CPU
		{695BD928-0E33-498F-B2B5-FC7C010E748F}.DebugQuick|Any CPU.ActiveCfg = Debug|Any CPU
		{695BD928-0E33-498F-B2B5-FC7C010E748F}.DebugQuick|Any CPU.Build.0 = Debug|Any CPU
		{695BD928-0E33-498F-B2B5-FC7C010E748F}.DebugQuick|Mixed Platforms.ActiveCfg = Debug|Any CPU
		{695BD928-0E33-498F-B2B5-FC7C010E748F}.DebugQuick|Mixed Platforms.Build.0 = Debug|Any CPU
		{695BD928-0E33-498F-B2B5-FC7C010E748F}.DebugQuick|x86.ActiveCfg = Debug|Any CPU
		{695BD928-0E33-498F-B2B5-FC7C010E748F}.Release|Any CPU.ActiveCfg = Release|Any CPU
		{695BD928-0E33-498F-B2B5-FC7C010E748F}.Release|Any CPU.Build.0 = Release|Any CPU
		{695BD928-0E33-498F-B2B5-FC7C010E748F}.Release|Mixed Platforms.ActiveCfg = Release|Any CPU
		{695BD928-0E33-498F-B2B5-FC7C010E748F}.Release|Mixed Platforms.Build.0 = Release|Any CPU
		{695BD928-0E33-498F-B2B5-FC7C010E748F}.Release|x86.ActiveCfg = Release|Any CPU
		{A1EDFCE5-89A2-4F2A-B948-96278F8BC363}.Debug|Any CPU.ActiveCfg = Debug|Any CPU
		{A1EDFCE5-89A2-4F2A-B948-96278F8BC363}.Debug|Any CPU.Build.0 = Debug|Any CPU
		{A1EDFCE5-89A2-4F2A-B948-96278F8BC363}.Debug|Mixed Platforms.ActiveCfg = Debug|Any CPU
		{A1EDFCE5-89A2-4F2A-B948-96278F8BC363}.Debug|Mixed Platforms.Build.0 = Debug|Any CPU
		{A1EDFCE5-89A2-4F2A-B948-96278F8BC363}.Debug|x86.ActiveCfg = Debug|Any CPU
		{A1EDFCE5-89A2-4F2A-B948-96278F8BC363}.DebugQuick|Any CPU.ActiveCfg = Debug|Any CPU
		{A1EDFCE5-89A2-4F2A-B948-96278F8BC363}.DebugQuick|Any CPU.Build.0 = Debug|Any CPU
		{A1EDFCE5-89A2-4F2A-B948-96278F8BC363}.DebugQuick|Mixed Platforms.ActiveCfg = Debug|Any CPU
		{A1EDFCE5-89A2-4F2A-B948-96278F8BC363}.DebugQuick|Mixed Platforms.Build.0 = Debug|Any CPU
		{A1EDFCE5-89A2-4F2A-B948-96278F8BC363}.DebugQuick|x86.ActiveCfg = Debug|Any CPU
		{A1EDFCE5-89A2-4F2A-B948-96278F8BC363}.Release|Any CPU.ActiveCfg = Release|Any CPU
		{A1EDFCE5-89A2-4F2A-B948-96278F8BC363}.Release|Any CPU.Build.0 = Release|Any CPU
		{A1EDFCE5-89A2-4F2A-B948-96278F8BC363}.Release|Mixed Platforms.ActiveCfg = Release|Any CPU
		{A1EDFCE5-89A2-4F2A-B948-96278F8BC363}.Release|Mixed Platforms.Build.0 = Release|Any CPU
		{A1EDFCE5-89A2-4F2A-B948-96278F8BC363}.Release|x86.ActiveCfg = Release|Any CPU
	EndGlobalSection
	GlobalSection(SolutionProperties) = preSolution
		HideSolutionNode = FALSE
	EndGlobalSection
EndGlobal
