
Microsoft Visual Studio Solution File, Format Version 11.00
# Visual Studio 2010
Project("{FAE04EC0-301F-11D3-BF4B-00C04F79EFBC}") = "Netigate_Fahrzeugauslieferung_DAD", "Netigate_Fahrzeugauslieferung_DAD\Netigate_Fahrzeugauslieferung_DAD.csproj", "{FB9F4485-7707-4B25-B570-0F4F02B9CFCA}"
EndProject
Global
	GlobalSection(SolutionConfigurationPlatforms) = preSolution
		Debug|x86 = Debug|x86
		Release|x86 = Release|x86
	EndGlobalSection
	GlobalSection(ProjectConfigurationPlatforms) = postSolution
		{FB9F4485-7707-4B25-B570-0F4F02B9CFCA}.Debug|x86.ActiveCfg = Debug|x86
		{FB9F4485-7707-4B25-B570-0F4F02B9CFCA}.Debug|x86.Build.0 = Debug|x86
		{FB9F4485-7707-4B25-B570-0F4F02B9CFCA}.Release|x86.ActiveCfg = Release|x86
		{FB9F4485-7707-4B25-B570-0F4F02B9CFCA}.Release|x86.Build.0 = Release|x86
	EndGlobalSection
	GlobalSection(SolutionProperties) = preSolution
		HideSolutionNode = FALSE
	EndGlobalSection
EndGlobal
