
Microsoft Visual Studio Solution File, Format Version 11.00
# Visual Studio 2010
Project("{FAE04EC0-301F-11D3-BF4B-00C04F79EFBC}") = "SoapRuecklaeuferschnittstelle", "SoapRuecklaeuferschnittstelle\SoapRuecklaeuferschnittstelle.csproj", "{18670748-CE45-4C12-95E5-670861A040BF}"
EndProject
Global
	GlobalSection(TeamFoundationVersionControl) = preSolution
		SccNumberOfProjects = 2
		SccEnterpriseProvider = {4CA58AB2-18FA-4F8D-95D4-32DDF27D184C}
		SccTeamFoundationServer = http://vms047:8080/tfs/defaultcollection
		SccLocalPath0 = .
		SccProjectUniqueName1 = SoapRuecklaeuferschnittstelle\\SoapRuecklaeuferschnittstelle.csproj
		SccProjectName1 = SoapRuecklaeuferschnittstelle
		SccLocalPath1 = SoapRuecklaeuferschnittstelle
	EndGlobalSection
	GlobalSection(SolutionConfigurationPlatforms) = preSolution
		Debug|Any CPU = Debug|Any CPU
		DebugQuick|Any CPU = DebugQuick|Any CPU
		Prod|Any CPU = Prod|Any CPU
		Release|Any CPU = Release|Any CPU
		Test|Any CPU = Test|Any CPU
	EndGlobalSection
	GlobalSection(ProjectConfigurationPlatforms) = postSolution
		{18670748-CE45-4C12-95E5-670861A040BF}.Debug|Any CPU.ActiveCfg = Debug|Any CPU
		{18670748-CE45-4C12-95E5-670861A040BF}.Debug|Any CPU.Build.0 = Debug|Any CPU
		{18670748-CE45-4C12-95E5-670861A040BF}.DebugQuick|Any CPU.ActiveCfg = Debug|Any CPU
		{18670748-CE45-4C12-95E5-670861A040BF}.DebugQuick|Any CPU.Build.0 = Debug|Any CPU
		{18670748-CE45-4C12-95E5-670861A040BF}.Prod|Any CPU.ActiveCfg = Prod|Any CPU
		{18670748-CE45-4C12-95E5-670861A040BF}.Prod|Any CPU.Build.0 = Prod|Any CPU
		{18670748-CE45-4C12-95E5-670861A040BF}.Release|Any CPU.ActiveCfg = Release|Any CPU
		{18670748-CE45-4C12-95E5-670861A040BF}.Release|Any CPU.Build.0 = Release|Any CPU
		{18670748-CE45-4C12-95E5-670861A040BF}.Test|Any CPU.ActiveCfg = Test|Any CPU
		{18670748-CE45-4C12-95E5-670861A040BF}.Test|Any CPU.Build.0 = Test|Any CPU
	EndGlobalSection
	GlobalSection(SolutionProperties) = preSolution
		HideSolutionNode = FALSE
	EndGlobalSection
EndGlobal
