
Microsoft Visual Studio Solution File, Format Version 11.00
# Visual Studio 2010
Project("{F184B08F-C81C-45F6-A57F-5ABD9991F28F}") = "Base", "Base.vbproj", "{B10B1992-6D06-42B3-97C6-18CBB9D0725A}"
EndProject
Project("{FAE04EC0-301F-11D3-BF4B-00C04F79EFBC}") = "SapORM.Services", "..\SapORM\services\SapORM.Services.csproj", "{94855E9C-AF22-46A7-A55B-9CFF8E96F961}"
EndProject
Project("{FAE04EC0-301F-11D3-BF4B-00C04F79EFBC}") = "SapORM.Contracts", "..\SapORM\contracts\SapORM.Contracts.csproj", "{B24C32C4-9B13-48C5-9AA9-021A8D870650}"
EndProject
Global
	GlobalSection(TeamFoundationVersionControl) = preSolution
		SccNumberOfProjects = 4
		SccEnterpriseProvider = {4CA58AB2-18FA-4F8D-95D4-32DDF27D184C}
		SccTeamFoundationServer = http://vms047:8080/tfs/defaultcollection
		SccLocalPath0 = .
		SccProjectUniqueName1 = Base.vbproj
		SccLocalPath1 = .
		SccProjectUniqueName2 = ..\\SapORM\\services\\SapORM.Services.csproj
		SccProjectName2 = ../SapORM/services
		SccLocalPath2 = ..\\SapORM\\services
		SccProjectUniqueName3 = ..\\SapORM\\contracts\\SapORM.Contracts.csproj
		SccProjectName3 = ../SapORM/contracts
		SccLocalPath3 = ..\\SapORM\\contracts
	EndGlobalSection
	GlobalSection(SolutionConfigurationPlatforms) = preSolution
		Debug|Any CPU = Debug|Any CPU
		Release|Any CPU = Release|Any CPU
	EndGlobalSection
	GlobalSection(ProjectConfigurationPlatforms) = postSolution
		{B10B1992-6D06-42B3-97C6-18CBB9D0725A}.Debug|Any CPU.ActiveCfg = Debug|Any CPU
		{B10B1992-6D06-42B3-97C6-18CBB9D0725A}.Debug|Any CPU.Build.0 = Debug|Any CPU
		{B10B1992-6D06-42B3-97C6-18CBB9D0725A}.Release|Any CPU.ActiveCfg = Release|Any CPU
		{B10B1992-6D06-42B3-97C6-18CBB9D0725A}.Release|Any CPU.Build.0 = Release|Any CPU
		{94855E9C-AF22-46A7-A55B-9CFF8E96F961}.Debug|Any CPU.ActiveCfg = Debug|Any CPU
		{94855E9C-AF22-46A7-A55B-9CFF8E96F961}.Debug|Any CPU.Build.0 = Debug|Any CPU
		{94855E9C-AF22-46A7-A55B-9CFF8E96F961}.Release|Any CPU.ActiveCfg = Release|Any CPU
		{94855E9C-AF22-46A7-A55B-9CFF8E96F961}.Release|Any CPU.Build.0 = Release|Any CPU
		{B24C32C4-9B13-48C5-9AA9-021A8D870650}.Debug|Any CPU.ActiveCfg = Debug|Any CPU
		{B24C32C4-9B13-48C5-9AA9-021A8D870650}.Debug|Any CPU.Build.0 = Debug|Any CPU
		{B24C32C4-9B13-48C5-9AA9-021A8D870650}.Release|Any CPU.ActiveCfg = Release|Any CPU
		{B24C32C4-9B13-48C5-9AA9-021A8D870650}.Release|Any CPU.Build.0 = Release|Any CPU
	EndGlobalSection
	GlobalSection(SolutionProperties) = preSolution
		HideSolutionNode = FALSE
	EndGlobalSection
EndGlobal
