
Microsoft Visual Studio Solution File, Format Version 11.00
# Visual Studio 2010
Project("{F184B08F-C81C-45F6-A57F-5ABD9991F28F}") = "Admin", "Admin.vbproj", "{991E3DF5-7816-4097-8C52-2685E0DE3479}"
EndProject
Project("{F184B08F-C81C-45F6-A57F-5ABD9991F28F}") = "PortalZLD", "..\PortalZLD.vbproj", "{49BD134E-5A86-442F-8AF4-81BD9F04251D}"
EndProject
Project("{F184B08F-C81C-45F6-A57F-5ABD9991F28F}") = "Base", "..\..\..\..\Work\ZLDBase\Base.vbproj", "{B10B1992-6D06-42B3-97C6-18CBB9D0725A}"
EndProject
Global
	GlobalSection(TeamFoundationVersionControl) = preSolution
		SccNumberOfProjects = 4
		SccEnterpriseProvider = {4CA58AB2-18FA-4F8D-95D4-32DDF27D184C}
		SccTeamFoundationServer = http://vms047:8080/tfs/defaultcollection
		SccLocalPath0 = .
		SccProjectUniqueName1 = ..\\PortalZLD.vbproj
		SccProjectName1 = ../
		SccLocalPath1 = ..
		SccProjectUniqueName2 = Admin.vbproj
		SccLocalPath2 = .
		SccProjectUniqueName3 = ..\\..\\..\\..\\Work\\ZLDBase\\Base.vbproj
		SccProjectName3 = ../../../Work/ZLDBase
		SccLocalPath3 = ..\\..\\..\\..\\Work\\ZLDBase
	EndGlobalSection
	GlobalSection(SolutionConfigurationPlatforms) = preSolution
		Debug|Any CPU = Debug|Any CPU
		Release|Any CPU = Release|Any CPU
	EndGlobalSection
	GlobalSection(ProjectConfigurationPlatforms) = postSolution
		{991E3DF5-7816-4097-8C52-2685E0DE3479}.Debug|Any CPU.ActiveCfg = Debug|Any CPU
		{991E3DF5-7816-4097-8C52-2685E0DE3479}.Debug|Any CPU.Build.0 = Debug|Any CPU
		{991E3DF5-7816-4097-8C52-2685E0DE3479}.Release|Any CPU.ActiveCfg = Release|Any CPU
		{991E3DF5-7816-4097-8C52-2685E0DE3479}.Release|Any CPU.Build.0 = Release|Any CPU
		{49BD134E-5A86-442F-8AF4-81BD9F04251D}.Debug|Any CPU.ActiveCfg = Debug|Any CPU
		{49BD134E-5A86-442F-8AF4-81BD9F04251D}.Debug|Any CPU.Build.0 = Debug|Any CPU
		{49BD134E-5A86-442F-8AF4-81BD9F04251D}.Release|Any CPU.ActiveCfg = Release|Any CPU
		{49BD134E-5A86-442F-8AF4-81BD9F04251D}.Release|Any CPU.Build.0 = Release|Any CPU
		{B10B1992-6D06-42B3-97C6-18CBB9D0725A}.Debug|Any CPU.ActiveCfg = Debug|Any CPU
		{B10B1992-6D06-42B3-97C6-18CBB9D0725A}.Debug|Any CPU.Build.0 = Debug|Any CPU
		{B10B1992-6D06-42B3-97C6-18CBB9D0725A}.Release|Any CPU.ActiveCfg = Release|Any CPU
		{B10B1992-6D06-42B3-97C6-18CBB9D0725A}.Release|Any CPU.Build.0 = Release|Any CPU
	EndGlobalSection
	GlobalSection(SolutionProperties) = preSolution
		HideSolutionNode = FALSE
	EndGlobalSection
EndGlobal
